// !$*UTF8*$!
{
	archiveVersion = 1;
	classes = {
	};
	objectVersion = 56;
	objects = {

/* Begin PBXBuildFile section */
		TS00000001000001 /* TitheStewardApp.swift in Sources */ = {isa = PBXBuildFile; fileRef = TS00000002000001 /* TitheStewardApp.swift */; };
		TS00000001000002 /* MainTabView.swift in Sources */ = {isa = PBXBuildFile; fileRef = TS00000002000002 /* MainTabView.swift */; };
		TS00000001000003 /* RootView.swift in Sources */ = {isa = PBXBuildFile; fileRef = TS00000002000003 /* RootView.swift */; };
		TS00000001000004 /* Date+Extensions.swift in Sources */ = {isa = PBXBuildFile; fileRef = TS00000002000004 /* Date+Extensions.swift */; };
		TS00000001000005 /* View+Extensions.swift in Sources */ = {isa = PBXBuildFile; fileRef = TS00000002000005 /* View+Extensions.swift */; };
		TS00000001000006 /* UserProfile.swift in Sources */ = {isa = PBXBuildFile; fileRef = TS00000002000006 /* UserProfile.swift */; };
		TS00000001000007 /* TitheRecord.swift in Sources */ = {isa = PBXBuildFile; fileRef = TS00000002000007 /* TitheRecord.swift */; };
		TS00000001000008 /* BudgetCategory.swift in Sources */ = {isa = PBXBuildFile; fileRef = TS00000002000008 /* BudgetCategory.swift */; };
		TS00000001000009 /* DebtItem.swift in Sources */ = {isa = PBXBuildFile; fileRef = TS00000002000009 /* DebtItem.swift */; };
		TS00000001000010 /* Devotional.swift in Sources */ = {isa = PBXBuildFile; fileRef = TS00000002000010 /* Devotional.swift */; };
		TS00000001000011 /* GenerosityScore.swift in Sources */ = {isa = PBXBuildFile; fileRef = TS00000002000011 /* GenerosityScore.swift */; };
		TS00000001000012 /* GivingRecipient.swift in Sources */ = {isa = PBXBuildFile; fileRef = TS00000002000012 /* GivingRecipient.swift */; };
		TS00000001000013 /* TitheCalculatorService.swift in Sources */ = {isa = PBXBuildFile; fileRef = TS00000002000013 /* TitheCalculatorService.swift */; };
		TS00000001000014 /* BudgetService.swift in Sources */ = {isa = PBXBuildFile; fileRef = TS00000002000014 /* BudgetService.swift */; };
		TS00000001000015 /* DevotionalService.swift in Sources */ = {isa = PBXBuildFile; fileRef = TS00000002000015 /* DevotionalService.swift */; };
		TS00000001000016 /* GivingService.swift in Sources */ = {isa = PBXBuildFile; fileRef = TS00000002000016 /* GivingService.swift */; };
		TS00000001000017 /* NotificationService.swift in Sources */ = {isa = PBXBuildFile; fileRef = TS00000002000017 /* NotificationService.swift */; };
		TS00000001000018 /* StoreKitService.swift in Sources */ = {isa = PBXBuildFile; fileRef = TS00000002000018 /* StoreKitService.swift */; };
		TS00000001000019 /* WidgetDataService.swift in Sources */ = {isa = PBXBuildFile; fileRef = TS00000002000019 /* WidgetDataService.swift */; };
		TS00000001000020 /* DebtService.swift in Sources */ = {isa = PBXBuildFile; fileRef = TS00000002000020 /* DebtService.swift */; };
		TS00000001000021 /* OnboardingViewModel.swift in Sources */ = {isa = PBXBuildFile; fileRef = TS00000002000021 /* OnboardingViewModel.swift */; };
		TS00000001000022 /* DashboardViewModel.swift in Sources */ = {isa = PBXBuildFile; fileRef = TS00000002000022 /* DashboardViewModel.swift */; };
		TS00000001000023 /* TitheViewModel.swift in Sources */ = {isa = PBXBuildFile; fileRef = TS00000002000023 /* TitheViewModel.swift */; };
		TS00000001000024 /* BudgetViewModel.swift in Sources */ = {isa = PBXBuildFile; fileRef = TS00000002000024 /* BudgetViewModel.swift */; };
		TS00000001000025 /* GivingViewModel.swift in Sources */ = {isa = PBXBuildFile; fileRef = TS00000002000025 /* GivingViewModel.swift */; };
		TS00000001000026 /* DevotionalViewModel.swift in Sources */ = {isa = PBXBuildFile; fileRef = TS00000002000026 /* DevotionalViewModel.swift */; };
		TS00000001000027 /* OnboardingFlowView.swift in Sources */ = {isa = PBXBuildFile; fileRef = TS00000002000027 /* OnboardingFlowView.swift */; };
		TS00000001000028 /* DashboardView.swift in Sources */ = {isa = PBXBuildFile; fileRef = TS00000002000028 /* DashboardView.swift */; };
		TS00000001000029 /* TitheTrackerView.swift in Sources */ = {isa = PBXBuildFile; fileRef = TS00000002000029 /* TitheTrackerView.swift */; };
		TS00000001000030 /* BudgetOverviewView.swift in Sources */ = {isa = PBXBuildFile; fileRef = TS00000002000030 /* BudgetOverviewView.swift */; };
		TS00000001000031 /* GivingHubView.swift in Sources */ = {isa = PBXBuildFile; fileRef = TS00000002000031 /* GivingHubView.swift */; };
		TS00000001000032 /* DevotionalFeedView.swift in Sources */ = {isa = PBXBuildFile; fileRef = TS00000002000032 /* DevotionalFeedView.swift */; };
		TS00000001000033 /* SettingsView.swift in Sources */ = {isa = PBXBuildFile; fileRef = TS00000002000033 /* SettingsView.swift */; };
		TS00000001000034 /* PremiumPaywallView.swift in Sources */ = {isa = PBXBuildFile; fileRef = TS00000002000034 /* PremiumPaywallView.swift */; };
		TS00000001000035 /* DebtDashboardView.swift in Sources */ = {isa = PBXBuildFile; fileRef = TS00000002000035 /* DebtDashboardView.swift */; };
		TS00000001000036 /* ProgressCircleView.swift in Sources */ = {isa = PBXBuildFile; fileRef = TS00000002000036 /* ProgressCircleView.swift */; };
		TS00000001000039 /* DevotionalContentLibrary.swift in Sources */ = {isa = PBXBuildFile; fileRef = TS00000002000039 /* DevotionalContentLibrary.swift */; };
		TS00000001000037 /* Assets.xcassets in Resources */ = {isa = PBXBuildFile; fileRef = TS00000002000037 /* Assets.xcassets */; };
		TS00000001000038 /* Products.storekit in Resources */ = {isa = PBXBuildFile; fileRef = TS00000002000040 /* Products.storekit */; };
		TS00000001000050 /* TitheStewardWidgets.swift in Sources */ = {isa = PBXBuildFile; fileRef = TS00000002000050 /* TitheStewardWidgets.swift */; };
/* End PBXBuildFile section */

/* Begin PBXContainerItemProxy section */
		TS00000003000001 /* PBXContainerItemProxy */ = {
			isa = PBXContainerItemProxy;
			containerPortal = TS00000004000001 /* Project object */;
			proxyType = 1;
			remoteGlobalIDString = TS00000005000002;
			remoteInfo = TitheStewardWidgets;
		};
/* End PBXContainerItemProxy section */

/* Begin PBXCopyFilesBuildPhase section */
		TS00000006000001 /* Embed Foundation Extensions */ = {
			isa = PBXCopyFilesBuildPhase;
			buildActionMask = 2147483647;
			dstPath = "";
			dstSubfolderSpec = 13;
			files = (
			);
			name = "Embed Foundation Extensions";
			runOnlyForDeploymentPostprocessing = 0;
		};
/* End PBXCopyFilesBuildPhase section */

/* Begin PBXFileReference section */
		TS00000002000001 /* TitheStewardApp.swift */ = {isa = PBXFileReference; lastKnownFileType = sourcecode.swift; path = TitheStewardApp.swift; sourceTree = "<group>"; };
		TS00000002000002 /* MainTabView.swift */ = {isa = PBXFileReference; lastKnownFileType = sourcecode.swift; path = MainTabView.swift; sourceTree = "<group>"; };
		TS00000002000003 /* RootView.swift */ = {isa = PBXFileReference; lastKnownFileType = sourcecode.swift; path = RootView.swift; sourceTree = "<group>"; };
		TS00000002000004 /* Date+Extensions.swift */ = {isa = PBXFileReference; lastKnownFileType = sourcecode.swift; path = "Date+Extensions.swift"; sourceTree = "<group>"; };
		TS00000002000005 /* View+Extensions.swift */ = {isa = PBXFileReference; lastKnownFileType = sourcecode.swift; path = "View+Extensions.swift"; sourceTree = "<group>"; };
		TS00000002000006 /* UserProfile.swift */ = {isa = PBXFileReference; lastKnownFileType = sourcecode.swift; path = UserProfile.swift; sourceTree = "<group>"; };
		TS00000002000007 /* TitheRecord.swift */ = {isa = PBXFileReference; lastKnownFileType = sourcecode.swift; path = TitheRecord.swift; sourceTree = "<group>"; };
		TS00000002000008 /* BudgetCategory.swift */ = {isa = PBXFileReference; lastKnownFileType = sourcecode.swift; path = BudgetCategory.swift; sourceTree = "<group>"; };
		TS00000002000009 /* DebtItem.swift */ = {isa = PBXFileReference; lastKnownFileType = sourcecode.swift; path = DebtItem.swift; sourceTree = "<group>"; };
		TS00000002000010 /* Devotional.swift */ = {isa = PBXFileReference; lastKnownFileType = sourcecode.swift; path = Devotional.swift; sourceTree = "<group>"; };
		TS00000002000011 /* GenerosityScore.swift */ = {isa = PBXFileReference; lastKnownFileType = sourcecode.swift; path = GenerosityScore.swift; sourceTree = "<group>"; };
		TS00000002000012 /* GivingRecipient.swift */ = {isa = PBXFileReference; lastKnownFileType = sourcecode.swift; path = GivingRecipient.swift; sourceTree = "<group>"; };
		TS00000002000013 /* TitheCalculatorService.swift */ = {isa = PBXFileReference; lastKnownFileType = sourcecode.swift; path = TitheCalculatorService.swift; sourceTree = "<group>"; };
		TS00000002000014 /* BudgetService.swift */ = {isa = PBXFileReference; lastKnownFileType = sourcecode.swift; path = BudgetService.swift; sourceTree = "<group>"; };
		TS00000002000015 /* DevotionalService.swift */ = {isa = PBXFileReference; lastKnownFileType = sourcecode.swift; path = DevotionalService.swift; sourceTree = "<group>"; };
		TS00000002000016 /* GivingService.swift */ = {isa = PBXFileReference; lastKnownFileType = sourcecode.swift; path = GivingService.swift; sourceTree = "<group>"; };
		TS00000002000017 /* NotificationService.swift */ = {isa = PBXFileReference; lastKnownFileType = sourcecode.swift; path = NotificationService.swift; sourceTree = "<group>"; };
		TS00000002000018 /* StoreKitService.swift */ = {isa = PBXFileReference; lastKnownFileType = sourcecode.swift; path = StoreKitService.swift; sourceTree = "<group>"; };
		TS00000002000019 /* WidgetDataService.swift */ = {isa = PBXFileReference; lastKnownFileType = sourcecode.swift; path = WidgetDataService.swift; sourceTree = "<group>"; };
		TS00000002000020 /* DebtService.swift */ = {isa = PBXFileReference; lastKnownFileType = sourcecode.swift; path = DebtService.swift; sourceTree = "<group>"; };
		TS00000002000039 /* DevotionalContentLibrary.swift */ = {isa = PBXFileReference; lastKnownFileType = sourcecode.swift; path = DevotionalContentLibrary.swift; sourceTree = "<group>"; };
		TS00000002000021 /* OnboardingViewModel.swift */ = {isa = PBXFileReference; lastKnownFileType = sourcecode.swift; path = OnboardingViewModel.swift; sourceTree = "<group>"; };
		TS00000002000022 /* DashboardViewModel.swift */ = {isa = PBXFileReference; lastKnownFileType = sourcecode.swift; path = DashboardViewModel.swift; sourceTree = "<group>"; };
		TS00000002000023 /* TitheViewModel.swift */ = {isa = PBXFileReference; lastKnownFileType = sourcecode.swift; path = TitheViewModel.swift; sourceTree = "<group>"; };
		TS00000002000024 /* BudgetViewModel.swift */ = {isa = PBXFileReference; lastKnownFileType = sourcecode.swift; path = BudgetViewModel.swift; sourceTree = "<group>"; };
		TS00000002000025 /* GivingViewModel.swift */ = {isa = PBXFileReference; lastKnownFileType = sourcecode.swift; path = GivingViewModel.swift; sourceTree = "<group>"; };
		TS00000002000026 /* DevotionalViewModel.swift */ = {isa = PBXFileReference; lastKnownFileType = sourcecode.swift; path = DevotionalViewModel.swift; sourceTree = "<group>"; };
		TS00000002000027 /* OnboardingFlowView.swift */ = {isa = PBXFileReference; lastKnownFileType = sourcecode.swift; path = OnboardingFlowView.swift; sourceTree = "<group>"; };
		TS00000002000028 /* DashboardView.swift */ = {isa = PBXFileReference; lastKnownFileType = sourcecode.swift; path = DashboardView.swift; sourceTree = "<group>"; };
		TS00000002000029 /* TitheTrackerView.swift */ = {isa = PBXFileReference; lastKnownFileType = sourcecode.swift; path = TitheTrackerView.swift; sourceTree = "<group>"; };
		TS00000002000030 /* BudgetOverviewView.swift */ = {isa = PBXFileReference; lastKnownFileType = sourcecode.swift; path = BudgetOverviewView.swift; sourceTree = "<group>"; };
		TS00000002000031 /* GivingHubView.swift */ = {isa = PBXFileReference; lastKnownFileType = sourcecode.swift; path = GivingHubView.swift; sourceTree = "<group>"; };
		TS00000002000032 /* DevotionalFeedView.swift */ = {isa = PBXFileReference; lastKnownFileType = sourcecode.swift; path = DevotionalFeedView.swift; sourceTree = "<group>"; };
		TS00000002000033 /* SettingsView.swift */ = {isa = PBXFileReference; lastKnownFileType = sourcecode.swift; path = SettingsView.swift; sourceTree = "<group>"; };
		TS00000002000034 /* PremiumPaywallView.swift */ = {isa = PBXFileReference; lastKnownFileType = sourcecode.swift; path = PremiumPaywallView.swift; sourceTree = "<group>"; };
		TS00000002000035 /* DebtDashboardView.swift */ = {isa = PBXFileReference; lastKnownFileType = sourcecode.swift; path = DebtDashboardView.swift; sourceTree = "<group>"; };
		TS00000002000036 /* ProgressCircleView.swift */ = {isa = PBXFileReference; lastKnownFileType = sourcecode.swift; path = ProgressCircleView.swift; sourceTree = "<group>"; };
		TS00000002000037 /* Assets.xcassets */ = {isa = PBXFileReference; lastKnownFileType = folder.assetcatalog; path = Assets.xcassets; sourceTree = "<group>"; };
		TS00000002000038 /* TitheSteward.entitlements */ = {isa = PBXFileReference; lastKnownFileType = text.plist.entitlements; path = TitheSteward.entitlements; sourceTree = "<group>"; };
		TS00000002000039 /* Info.plist */ = {isa = PBXFileReference; lastKnownFileType = text.plist.xml; path = Info.plist; sourceTree = "<group>"; };
		TS00000002000040 /* Products.storekit */ = {isa = PBXFileReference; lastKnownFileType = text; path = Products.storekit; sourceTree = "<group>"; };
		TS00000002000050 /* TitheStewardWidgets.swift */ = {isa = PBXFileReference; lastKnownFileType = sourcecode.swift; path = TitheStewardWidgets.swift; sourceTree = "<group>"; };
		TS00000002000051 /* TitheStewardWidgets.entitlements */ = {isa = PBXFileReference; lastKnownFileType = text.plist.entitlements; path = TitheStewardWidgets.entitlements; sourceTree = "<group>"; };
		TS00000007000001 /* TitheSteward.app */ = {isa = PBXFileReference; explicitFileType = wrapper.application; includeInIndex = 0; path = TitheSteward.app; sourceTree = BUILT_PRODUCTS_DIR; };
		TS00000007000002 /* TitheStewardWidgets.appex */ = {isa = PBXFileReference; explicitFileType = "wrapper.app-extension"; includeInIndex = 0; path = TitheStewardWidgets.appex; sourceTree = BUILT_PRODUCTS_DIR; };
/* End PBXFileReference section */

/* Begin PBXFrameworksBuildPhase section */
		TS00000008000001 /* Frameworks */ = {
			isa = PBXFrameworksBuildPhase;
			buildActionMask = 2147483647;
			files = (
			);
			runOnlyForDeploymentPostprocessing = 0;
		};
		TS00000008000002 /* Frameworks */ = {
			isa = PBXFrameworksBuildPhase;
			buildActionMask = 2147483647;
			files = (
			);
			runOnlyForDeploymentPostprocessing = 0;
		};
/* End PBXFrameworksBuildPhase section */

/* Begin PBXGroup section */
		TS00000009000001 = {
			isa = PBXGroup;
			children = (
				TS00000009000002 /* TitheSteward */,
				TS00000009000010 /* TitheStewardWidgets */,
				TS00000009000099 /* Products */,
			);
			sourceTree = "<group>";
		};
		TS00000009000002 /* TitheSteward */ = {
			isa = PBXGroup;
			children = (
				TS00000002000038 /* TitheSteward.entitlements */,
				TS00000009000003 /* App */,
				TS00000009000004 /* Models */,
				TS00000009000005 /* ViewModels */,
				TS00000009000006 /* Views */,
				TS00000009000007 /* Services */,
				TS00000009000008 /* Extensions */,
				TS00000009000009 /* Resources */,
			);
			path = TitheSteward;
			sourceTree = "<group>";
		};
		TS00000009000003 /* App */ = {
			isa = PBXGroup;
			children = (
				TS00000002000001 /* TitheStewardApp.swift */,
				TS00000002000002 /* MainTabView.swift */,
				TS00000002000003 /* RootView.swift */,
			);
			path = App;
			sourceTree = "<group>";
		};
		TS00000009000004 /* Models */ = {
			isa = PBXGroup;
			children = (
				TS00000002000006 /* UserProfile.swift */,
				TS00000002000007 /* TitheRecord.swift */,
				TS00000002000008 /* BudgetCategory.swift */,
				TS00000002000009 /* DebtItem.swift */,
				TS00000002000010 /* Devotional.swift */,
				TS00000002000011 /* GenerosityScore.swift */,
				TS00000002000012 /* GivingRecipient.swift */,
			);
			path = Models;
			sourceTree = "<group>";
		};
		TS00000009000005 /* ViewModels */ = {
			isa = PBXGroup;
			children = (
				TS00000002000021 /* OnboardingViewModel.swift */,
				TS00000002000022 /* DashboardViewModel.swift */,
				TS00000002000023 /* TitheViewModel.swift */,
				TS00000002000024 /* BudgetViewModel.swift */,
				TS00000002000025 /* GivingViewModel.swift */,
				TS00000002000026 /* DevotionalViewModel.swift */,
			);
			path = ViewModels;
			sourceTree = "<group>";
		};
		TS00000009000006 /* Views */ = {
			isa = PBXGroup;
			children = (
				TS00000009000060 /* Onboarding */,
				TS00000009000061 /* Dashboard */,
				TS00000009000062 /* Tithe */,
				TS00000009000063 /* Budget */,
				TS00000009000064 /* Giving */,
				TS00000009000065 /* Devotional */,
				TS00000009000066 /* Settings */,
				TS00000009000067 /* Components */,
			);
			path = Views;
			sourceTree = "<group>";
		};
		TS00000009000060 /* Onboarding */ = {
			isa = PBXGroup;
			children = (
				TS00000002000027 /* OnboardingFlowView.swift */,
			);
			path = Onboarding;
			sourceTree = "<group>";
		};
		TS00000009000061 /* Dashboard */ = {
			isa = PBXGroup;
			children = (
				TS00000002000028 /* DashboardView.swift */,
			);
			path = Dashboard;
			sourceTree = "<group>";
		};
		TS00000009000062 /* Tithe */ = {
			isa = PBXGroup;
			children = (
				TS00000002000029 /* TitheTrackerView.swift */,
			);
			path = Tithe;
			sourceTree = "<group>";
		};
		TS00000009000063 /* Budget */ = {
			isa = PBXGroup;
			children = (
				TS00000002000030 /* BudgetOverviewView.swift */,
			);
			path = Budget;
			sourceTree = "<group>";
		};
		TS00000009000064 /* Giving */ = {
			isa = PBXGroup;
			children = (
				TS00000002000031 /* GivingHubView.swift */,
			);
			path = Giving;
			sourceTree = "<group>";
		};
		TS00000009000065 /* Devotional */ = {
			isa = PBXGroup;
			children = (
				TS00000002000032 /* DevotionalFeedView.swift */,
			);
			path = Devotional;
			sourceTree = "<group>";
		};
		TS00000009000066 /* Settings */ = {
			isa = PBXGroup;
			children = (
				TS00000002000033 /* SettingsView.swift */,
				TS00000002000034 /* PremiumPaywallView.swift */,
				TS00000002000035 /* DebtDashboardView.swift */,
			);
			path = Settings;
			sourceTree = "<group>";
		};
		TS00000009000067 /* Components */ = {
			isa = PBXGroup;
			children = (
				TS00000002000036 /* ProgressCircleView.swift */,
			);
			path = Components;
			sourceTree = "<group>";
		};
		TS00000009000007 /* Services */ = {
			isa = PBXGroup;
			children = (
				TS00000002000013 /* TitheCalculatorService.swift */,
				TS00000002000014 /* BudgetService.swift */,
				TS00000002000015 /* DevotionalService.swift */,
				TS00000002000016 /* GivingService.swift */,
				TS00000002000017 /* NotificationService.swift */,
				TS00000002000018 /* StoreKitService.swift */,
				TS00000002000019 /* WidgetDataService.swift */,
				TS00000002000020 /* DebtService.swift */,
				TS00000002000039 /* DevotionalContentLibrary.swift */,
			);
			path = Services;
			sourceTree = "<group>";
		};
		TS00000009000008 /* Extensions */ = {
			isa = PBXGroup;
			children = (
				TS00000002000004 /* Date+Extensions.swift */,
				TS00000002000005 /* View+Extensions.swift */,
			);
			path = Extensions;
			sourceTree = "<group>";
		};
		TS00000009000009 /* Resources */ = {
			isa = PBXGroup;
			children = (
				TS00000002000037 /* Assets.xcassets */,
				TS00000002000039 /* Info.plist */,
				TS00000002000040 /* Products.storekit */,
			);
			path = Resources;
			sourceTree = "<group>";
		};
		TS00000009000010 /* TitheStewardWidgets */ = {
			isa = PBXGroup;
			children = (
				TS00000002000051 /* TitheStewardWidgets.entitlements */,
				TS00000002000050 /* TitheStewardWidgets.swift */,
			);
			path = TitheStewardWidgets;
			sourceTree = "<group>";
		};
		TS00000009000099 /* Products */ = {
			isa = PBXGroup;
			children = (
				TS00000007000001 /* TitheSteward.app */,
				TS00000007000002 /* TitheStewardWidgets.appex */,
			);
			name = Products;
			sourceTree = "<group>";
		};
/* End PBXGroup section */

/* Begin PBXNativeTarget section */
		TS00000005000001 /* TitheSteward */ = {
			isa = PBXNativeTarget;
			buildConfigurationList = TS0000000A000001 /* Build configuration list for PBXNativeTarget "TitheSteward" */;
			buildPhases = (
				TS0000000B000001 /* Sources */,
				TS00000008000001 /* Frameworks */,
				TS0000000C000001 /* Resources */,
				TS00000006000001 /* Embed Foundation Extensions */,
			);
			buildRules = (
			);
			dependencies = (
			);
			name = TitheSteward;
			productName = TitheSteward;
			productReference = TS00000007000001 /* TitheSteward.app */;
			productType = "com.apple.product-type.application";
		};
		TS00000005000002 /* TitheStewardWidgets */ = {
			isa = PBXNativeTarget;
			buildConfigurationList = TS0000000A000002 /* Build configuration list for PBXNativeTarget "TitheStewardWidgets" */;
			buildPhases = (
				TS0000000B000002 /* Sources */,
				TS00000008000002 /* Frameworks */,
			);
			buildRules = (
			);
			dependencies = (
			);
			name = TitheStewardWidgets;
			productName = TitheStewardWidgets;
			productReference = TS00000007000002 /* TitheStewardWidgets.appex */;
			productType = "com.apple.product-type.app-extension";
		};
/* End PBXNativeTarget section */

/* Begin PBXProject section */
		TS00000004000001 /* Project object */ = {
			isa = PBXProject;
			attributes = {
				BuildIndependentTargetsInParallel = 1;
				LastSwiftUpdateCheck = 1540;
				LastUpgradeCheck = 1540;
				TargetAttributes = {
					TS00000005000001 = {
						CreatedOnToolsVersion = 15.4;
					};
					TS00000005000002 = {
						CreatedOnToolsVersion = 15.4;
					};
				};
			};
			buildConfigurationList = TS0000000A000003 /* Build configuration list for PBXProject "TitheSteward" */;
			compatibilityVersion = "Xcode 14.0";
			developmentRegion = en;
			hasScannedForEncodings = 0;
			knownRegions = (
				en,
				Base,
			);
			mainGroup = TS00000009000001;
			productRefGroup = TS00000009000099 /* Products */;
			projectDirPath = "";
			projectRoot = "";
			targets = (
				TS00000005000001 /* TitheSteward */,
				TS00000005000002 /* TitheStewardWidgets */,
			);
		};
/* End PBXProject section */

/* Begin PBXResourcesBuildPhase section */
		TS0000000C000001 /* Resources */ = {
			isa = PBXResourcesBuildPhase;
			buildActionMask = 2147483647;
			files = (
				TS00000001000037 /* Assets.xcassets in Resources */,
				TS00000001000038 /* Products.storekit in Resources */,
			);
			runOnlyForDeploymentPostprocessing = 0;
		};
/* End PBXResourcesBuildPhase section */

/* Begin PBXSourcesBuildPhase section */
		TS0000000B000001 /* Sources */ = {
			isa = PBXSourcesBuildPhase;
			buildActionMask = 2147483647;
			files = (
				TS00000001000001 /* TitheStewardApp.swift in Sources */,
				TS00000001000002 /* MainTabView.swift in Sources */,
				TS00000001000003 /* RootView.swift in Sources */,
				TS00000001000004 /* Date+Extensions.swift in Sources */,
				TS00000001000005 /* View+Extensions.swift in Sources */,
				TS00000001000006 /* UserProfile.swift in Sources */,
				TS00000001000007 /* TitheRecord.swift in Sources */,
				TS00000001000008 /* BudgetCategory.swift in Sources */,
				TS00000001000009 /* DebtItem.swift in Sources */,
				TS00000001000010 /* Devotional.swift in Sources */,
				TS00000001000011 /* GenerosityScore.swift in Sources */,
				TS00000001000012 /* GivingRecipient.swift in Sources */,
				TS00000001000013 /* TitheCalculatorService.swift in Sources */,
				TS00000001000014 /* BudgetService.swift in Sources */,
				TS00000001000015 /* DevotionalService.swift in Sources */,
				TS00000001000016 /* GivingService.swift in Sources */,
				TS00000001000017 /* NotificationService.swift in Sources */,
				TS00000001000018 /* StoreKitService.swift in Sources */,
				TS00000001000019 /* WidgetDataService.swift in Sources */,
				TS00000001000020 /* DebtService.swift in Sources */,
				TS00000001000039 /* DevotionalContentLibrary.swift in Sources */,
				TS00000001000021 /* OnboardingViewModel.swift in Sources */,
				TS00000001000022 /* DashboardViewModel.swift in Sources */,
				TS00000001000023 /* TitheViewModel.swift in Sources */,
				TS00000001000024 /* BudgetViewModel.swift in Sources */,
				TS00000001000025 /* GivingViewModel.swift in Sources */,
				TS00000001000026 /* DevotionalViewModel.swift in Sources */,
				TS00000001000027 /* OnboardingFlowView.swift in Sources */,
				TS00000001000028 /* DashboardView.swift in Sources */,
				TS00000001000029 /* TitheTrackerView.swift in Sources */,
				TS00000001000030 /* BudgetOverviewView.swift in Sources */,
				TS00000001000031 /* GivingHubView.swift in Sources */,
				TS00000001000032 /* DevotionalFeedView.swift in Sources */,
				TS00000001000033 /* SettingsView.swift in Sources */,
				TS00000001000034 /* PremiumPaywallView.swift in Sources */,
				TS00000001000035 /* DebtDashboardView.swift in Sources */,
				TS00000001000036 /* ProgressCircleView.swift in Sources */,
			);
			runOnlyForDeploymentPostprocessing = 0;
		};
		TS0000000B000002 /* Sources */ = {
			isa = PBXSourcesBuildPhase;
			buildActionMask = 2147483647;
			files = (
				TS00000001000050 /* TitheStewardWidgets.swift in Sources */,
			);
			runOnlyForDeploymentPostprocessing = 0;
		};
/* End PBXSourcesBuildPhase section */

/* Begin XCBuildConfiguration section */
		TS0000000D000001 /* Debug */ = {
			isa = XCBuildConfiguration;
			buildSettings = {
				ALWAYS_SEARCH_USER_PATHS = NO;
				ASSETCATALOG_COMPILER_GENERATE_SWIFT_ASSET_SYMBOL_EXTENSIONS = YES;
				CLANG_ANALYZER_NONNULL = YES;
				CLANG_CXX_LANGUAGE_STANDARD = "gnu++20";
				CLANG_ENABLE_MODULES = YES;
				CLANG_ENABLE_OBJC_ARC = YES;
				COPY_PHASE_STRIP = NO;
				DEBUG_INFORMATION_FORMAT = dwarf;
				ENABLE_STRICT_OBJC_MSGSEND = YES;
				ENABLE_TESTABILITY = YES;
				GCC_DYNAMIC_NO_PIC = NO;
				GCC_OPTIMIZATION_LEVEL = 0;
				GCC_PREPROCESSOR_DEFINITIONS = (
					"DEBUG=1",
					"$(inherited)",
				);
				GCC_WARN_ABOUT_RETURN_TYPE = YES_ERROR;
				GCC_WARN_UNINITIALIZED_AUTOS = YES_AGGRESSIVE;
				IPHONEOS_DEPLOYMENT_TARGET = 17.0;
				MTL_ENABLE_DEBUG_INFO = INCLUDE_SOURCE;
				ONLY_ACTIVE_ARCH = YES;
				SDKROOT = iphoneos;
				SWIFT_ACTIVE_COMPILATION_CONDITIONS = "DEBUG $(inherited)";
				SWIFT_OPTIMIZATION_LEVEL = "-Onone";
			};
			name = Debug;
		};
		TS0000000D000002 /* Release */ = {
			isa = XCBuildConfiguration;
			buildSettings = {
				ALWAYS_SEARCH_USER_PATHS = NO;
				ASSETCATALOG_COMPILER_GENERATE_SWIFT_ASSET_SYMBOL_EXTENSIONS = YES;
				CLANG_ANALYZER_NONNULL = YES;
				CLANG_CXX_LANGUAGE_STANDARD = "gnu++20";
				CLANG_ENABLE_MODULES = YES;
				CLANG_ENABLE_OBJC_ARC = YES;
				COPY_PHASE_STRIP = NO;
				DEBUG_INFORMATION_FORMAT = "dwarf-with-dsym";
				ENABLE_NS_ASSERTIONS = NO;
				ENABLE_STRICT_OBJC_MSGSEND = YES;
				GCC_WARN_ABOUT_RETURN_TYPE = YES_ERROR;
				GCC_WARN_UNINITIALIZED_AUTOS = YES_AGGRESSIVE;
				IPHONEOS_DEPLOYMENT_TARGET = 17.0;
				MTL_ENABLE_DEBUG_INFO = NO;
				SDKROOT = iphoneos;
				SWIFT_COMPILATION_MODE = wholemodule;
				VALIDATE_PRODUCT = YES;
			};
			name = Release;
		};
		TS0000000D000003 /* Debug */ = {
			isa = XCBuildConfiguration;
			buildSettings = {
				ASSETCATALOG_COMPILER_APPICON_NAME = AppIcon;
				ASSETCATALOG_COMPILER_GLOBAL_ACCENT_COLOR_NAME = AccentColor;
				CODE_SIGN_ENTITLEMENTS = TitheSteward/TitheSteward.entitlements;
				CODE_SIGN_STYLE = Automatic;
				CURRENT_PROJECT_VERSION = 1;
				DEVELOPMENT_ASSET_PATHS = "";
				ENABLE_PREVIEWS = YES;
				GENERATE_INFOPLIST_FILE = YES;
				INFOPLIST_FILE = TitheSteward/Resources/Info.plist;
				INFOPLIST_KEY_CFBundleDisplayName = "Tithe Steward";
				INFOPLIST_KEY_UIApplicationSceneManifest_Generation = YES;
				INFOPLIST_KEY_UIApplicationSupportsIndirectInputEvents = YES;
				INFOPLIST_KEY_UILaunchScreen_Generation = YES;
				INFOPLIST_KEY_UISupportedInterfaceOrientations_iPad = "UIInterfaceOrientationPortrait UIInterfaceOrientationPortraitUpsideDown UIInterfaceOrientationLandscapeLeft UIInterfaceOrientationLandscapeRight";
				INFOPLIST_KEY_UISupportedInterfaceOrientations_iPhone = "UIInterfaceOrientationPortrait UIInterfaceOrientationLandscapeLeft UIInterfaceOrientationLandscapeRight";
				LD_RUNPATH_SEARCH_PATHS = (
					"$(inherited)",
					"@executable_path/Frameworks",
				);
				MARKETING_VERSION = 1.0;
				PRODUCT_BUNDLE_IDENTIFIER = com.tithesteward.app;
				PRODUCT_NAME = "$(TARGET_NAME)";
				SWIFT_EMIT_LOC_STRINGS = YES;
				SWIFT_VERSION = 5.0;
				TARGETED_DEVICE_FAMILY = "1,2";
			};
			name = Debug;
		};
		TS0000000D000004 /* Release */ = {
			isa = XCBuildConfiguration;
			buildSettings = {
				ASSETCATALOG_COMPILER_APPICON_NAME = AppIcon;
				ASSETCATALOG_COMPILER_GLOBAL_ACCENT_COLOR_NAME = AccentColor;
				CODE_SIGN_ENTITLEMENTS = TitheSteward/TitheSteward.entitlements;
				CODE_SIGN_STYLE = Automatic;
				CURRENT_PROJECT_VERSION = 1;
				DEVELOPMENT_ASSET_PATHS = "";
				ENABLE_PREVIEWS = YES;
				GENERATE_INFOPLIST_FILE = YES;
				INFOPLIST_FILE = TitheSteward/Resources/Info.plist;
				INFOPLIST_KEY_CFBundleDisplayName = "Tithe Steward";
				INFOPLIST_KEY_UIApplicationSceneManifest_Generation = YES;
				INFOPLIST_KEY_UIApplicationSupportsIndirectInputEvents = YES;
				INFOPLIST_KEY_UILaunchScreen_Generation = YES;
				INFOPLIST_KEY_UISupportedInterfaceOrientations_iPad = "UIInterfaceOrientationPortrait UIInterfaceOrientationPortraitUpsideDown UIInterfaceOrientationLandscapeLeft UIInterfaceOrientationLandscapeRight";
				INFOPLIST_KEY_UISupportedInterfaceOrientations_iPhone = "UIInterfaceOrientationPortrait UIInterfaceOrientationLandscapeLeft UIInterfaceOrientationLandscapeRight";
				LD_RUNPATH_SEARCH_PATHS = (
					"$(inherited)",
					"@executable_path/Frameworks",
				);
				MARKETING_VERSION = 1.0;
				PRODUCT_BUNDLE_IDENTIFIER = com.tithesteward.app;
				PRODUCT_NAME = "$(TARGET_NAME)";
				SWIFT_EMIT_LOC_STRINGS = YES;
				SWIFT_VERSION = 5.0;
				TARGETED_DEVICE_FAMILY = "1,2";
			};
			name = Release;
		};
		TS0000000D000005 /* Debug */ = {
			isa = XCBuildConfiguration;
			buildSettings = {
				CODE_SIGN_ENTITLEMENTS = TitheStewardWidgets/TitheStewardWidgets.entitlements;
				CODE_SIGN_STYLE = Automatic;
				CURRENT_PROJECT_VERSION = 1;
				GENERATE_INFOPLIST_FILE = YES;
				INFOPLIST_KEY_CFBundleDisplayName = "Tithe Steward Widgets";
				INFOPLIST_KEY_NSHumanReadableCopyright = "";
				LD_RUNPATH_SEARCH_PATHS = (
					"$(inherited)",
					"@executable_path/Frameworks",
					"@executable_path/../../Frameworks",
				);
				MARKETING_VERSION = 1.0;
				PRODUCT_BUNDLE_IDENTIFIER = com.tithesteward.app.widgets;
				PRODUCT_NAME = "$(TARGET_NAME)";
				SWIFT_EMIT_LOC_STRINGS = YES;
				SWIFT_VERSION = 5.0;
				TARGETED_DEVICE_FAMILY = "1,2";
			};
			name = Debug;
		};
		TS0000000D000006 /* Release */ = {
			isa = XCBuildConfiguration;
			buildSettings = {
				CODE_SIGN_ENTITLEMENTS = TitheStewardWidgets/TitheStewardWidgets.entitlements;
				CODE_SIGN_STYLE = Automatic;
				CURRENT_PROJECT_VERSION = 1;
				GENERATE_INFOPLIST_FILE = YES;
				INFOPLIST_KEY_CFBundleDisplayName = "Tithe Steward Widgets";
				INFOPLIST_KEY_NSHumanReadableCopyright = "";
				LD_RUNPATH_SEARCH_PATHS = (
					"$(inherited)",
					"@executable_path/Frameworks",
					"@executable_path/../../Frameworks",
				);
				MARKETING_VERSION = 1.0;
				PRODUCT_BUNDLE_IDENTIFIER = com.tithesteward.app.widgets;
				PRODUCT_NAME = "$(TARGET_NAME)";
				SWIFT_EMIT_LOC_STRINGS = YES;
				SWIFT_VERSION = 5.0;
				TARGETED_DEVICE_FAMILY = "1,2";
			};
			name = Release;
		};
/* End XCBuildConfiguration section */

/* Begin XCConfigurationList section */
		TS0000000A000001 /* Build configuration list for PBXNativeTarget "TitheSteward" */ = {
			isa = XCConfigurationList;
			buildConfigurations = (
				TS0000000D000003 /* Debug */,
				TS0000000D000004 /* Release */,
			);
			defaultConfigurationIsVisible = 0;
			defaultConfigurationName = Release;
		};
		TS0000000A000002 /* Build configuration list for PBXNativeTarget "TitheStewardWidgets" */ = {
			isa = XCConfigurationList;
			buildConfigurations = (
				TS0000000D000005 /* Debug */,
				TS0000000D000006 /* Release */,
			);
			defaultConfigurationIsVisible = 0;
			defaultConfigurationName = Release;
		};
		TS0000000A000003 /* Build configuration list for PBXProject "TitheSteward" */ = {
			isa = XCConfigurationList;
			buildConfigurations = (
				TS0000000D000001 /* Debug */,
				TS0000000D000002 /* Release */,
			);
			defaultConfigurationIsVisible = 0;
			defaultConfigurationName = Release;
		};
/* End XCConfigurationList section */
	};
	rootObject = TS00000004000001 /* Project object */;
}
