// !$*UTF8*$!
{
	archiveVersion = 1;
	classes = {
	};
	objectVersion = 70;
	objects = {

/* Begin PBXBuildFile section */
		8C58E3F32F86E423003ACA3A /* SeasonalJourneyService.swift in Sources */ = {isa = PBXBuildFile; fileRef = 8C58E3F22F86E423003ACA3A /* SeasonalJourneyService.swift */; };
		8C58E3F42F86E423003ACA3A /* ChurchFinderService.swift in Sources */ = {isa = PBXBuildFile; fileRef = 8C58E3F02F86E423003ACA3A /* ChurchFinderService.swift */; };
		8C58E3F52F86E423003ACA3A /* ReviewPromptService.swift in Sources */ = {isa = PBXBuildFile; fileRef = 8C58E3F12F86E423003ACA3A /* ReviewPromptService.swift */; };
		8C58E3F82F86E435003ACA3A /* SeasonalJourneyViews.swift in Sources */ = {isa = PBXBuildFile; fileRef = 8C58E3F72F86E435003ACA3A /* SeasonalJourneyViews.swift */; };
		8C58E3F92F86E435003ACA3A /* ListenModeView.swift in Sources */ = {isa = PBXBuildFile; fileRef = 8C58E3F62F86E435003ACA3A /* ListenModeView.swift */; };
		8C58E3FB2F86E447003ACA3A /* FindChurchView.swift in Sources */ = {isa = PBXBuildFile; fileRef = 8C58E3FA2F86E447003ACA3A /* FindChurchView.swift */; };
		8C58E3FD2F8709DB003ACA3A /* AudioNarrationService.swift in Sources */ = {isa = PBXBuildFile; fileRef = 8C58E3FC2F8709DB003ACA3A /* AudioNarrationService.swift */; };
		8C58E3FF2F8712B3003ACA3A /* CommunityService.swift in Sources */ = {isa = PBXBuildFile; fileRef = 8C58E3FE2F8712B3003ACA3A /* CommunityService.swift */; };
		8C58E4862F8778F9003ACA3A /* DiscoverView.swift in Sources */ = {isa = PBXBuildFile; fileRef = 8C58E4842F8778F9003ACA3A /* DiscoverView.swift */; };
		8C58E4882F87F5B0003ACA3A /* GoogleService-Info.plist in Resources */ = {isa = PBXBuildFile; fileRef = 8C58E4872F87F5B0003ACA3A /* GoogleService-Info.plist */; };
		8C58E48C2F87F8C4003ACA3A /* TelemetryDeck in Frameworks */ = {isa = PBXBuildFile; productRef = 8C58E48B2F87F8C4003ACA3A /* TelemetryDeck */; };
		8C58E5EA2F8CB627003ACA3A /* AbideJourneyClip.app in Embed App Clips */ = {isa = PBXBuildFile; fileRef = 8C58E5DC2F8CB625003ACA3A /* AbideJourneyClip.app */; settings = {ATTRIBUTES = (RemoveHeadersOnCopy, ); }; };
		A1B2C3D4E5F60001000001 /* AbideJourneyApp.swift in Sources */ = {isa = PBXBuildFile; fileRef = A1B2C3D4E5F60101000001 /* AbideJourneyApp.swift */; };
		A1B2C3D4E5F60001000002 /* MainTabView.swift in Sources */ = {isa = PBXBuildFile; fileRef = A1B2C3D4E5F60101000002 /* MainTabView.swift */; };
		A1B2C3D4E5F60001000003 /* RootView.swift in Sources */ = {isa = PBXBuildFile; fileRef = A1B2C3D4E5F60101000003 /* RootView.swift */; };
		A1B2C3D4E5F60001000004 /* Date+Extensions.swift in Sources */ = {isa = PBXBuildFile; fileRef = A1B2C3D4E5F60101000004 /* Date+Extensions.swift */; };
		A1B2C3D4E5F60001000005 /* View+Extensions.swift in Sources */ = {isa = PBXBuildFile; fileRef = A1B2C3D4E5F60101000005 /* View+Extensions.swift */; };
		A1B2C3D4E5F60001000006 /* DailyCheckIn.swift in Sources */ = {isa = PBXBuildFile; fileRef = A1B2C3D4E5F60101000006 /* DailyCheckIn.swift */; };
		A1B2C3D4E5F60001000007 /* JournalEntry.swift in Sources */ = {isa = PBXBuildFile; fileRef = A1B2C3D4E5F60101000007 /* JournalEntry.swift */; };
		A1B2C3D4E5F60001000008 /* Journey.swift in Sources */ = {isa = PBXBuildFile; fileRef = A1B2C3D4E5F60101000008 /* Journey.swift */; };
		A1B2C3D4E5F60001000009 /* JourneyDay.swift in Sources */ = {isa = PBXBuildFile; fileRef = A1B2C3D4E5F60101000009 /* JourneyDay.swift */; };
		A1B2C3D4E5F60001000011 /* QuizResponse.swift in Sources */ = {isa = PBXBuildFile; fileRef = A1B2C3D4E5F60101000011 /* QuizResponse.swift */; };
		A1B2C3D4E5F60001000012 /* UserProfile.swift in Sources */ = {isa = PBXBuildFile; fileRef = A1B2C3D4E5F60101000012 /* UserProfile.swift */; };
		A1B2C3D4E5F60001000013 /* ContentData.swift in Sources */ = {isa = PBXBuildFile; fileRef = A1B2C3D4E5F60101000013 /* ContentData.swift */; };
		A1B2C3D4E5F60001000014 /* ContentLibrary.swift in Sources */ = {isa = PBXBuildFile; fileRef = A1B2C3D4E5F60101000014 /* ContentLibrary.swift */; };
		A1B2C3D4E5F60001000016 /* JourneyGenerationService.swift in Sources */ = {isa = PBXBuildFile; fileRef = A1B2C3D4E5F60101000016 /* JourneyGenerationService.swift */; };
		A1B2C3D4E5F60001000017 /* LiveActivityService.swift in Sources */ = {isa = PBXBuildFile; fileRef = A1B2C3D4E5F60101000017 /* LiveActivityService.swift */; };
		A1B2C3D4E5F60001000018 /* NotificationService.swift in Sources */ = {isa = PBXBuildFile; fileRef = A1B2C3D4E5F60101000018 /* NotificationService.swift */; };
		A1B2C3D4E5F60001000020 /* StoreKitService.swift in Sources */ = {isa = PBXBuildFile; fileRef = A1B2C3D4E5F60101000020 /* StoreKitService.swift */; };
		A1B2C3D4E5F60001000021 /* StreakService.swift in Sources */ = {isa = PBXBuildFile; fileRef = A1B2C3D4E5F60101000021 /* StreakService.swift */; };
		A1B2C3D4E5F60001000022 /* DailyExperienceViewModel.swift in Sources */ = {isa = PBXBuildFile; fileRef = A1B2C3D4E5F60101000022 /* DailyExperienceViewModel.swift */; };
		A1B2C3D4E5F60001000023 /* OnboardingViewModel.swift in Sources */ = {isa = PBXBuildFile; fileRef = A1B2C3D4E5F60101000023 /* OnboardingViewModel.swift */; };
		A1B2C3D4E5F60001000024 /* ProgressViewModel.swift in Sources */ = {isa = PBXBuildFile; fileRef = A1B2C3D4E5F60101000024 /* ProgressViewModel.swift */; };
		A1B2C3D4E5F60001000025 /* DevotionalLiveActivity.swift in Sources */ = {isa = PBXBuildFile; fileRef = A1B2C3D4E5F60101000025 /* DevotionalLiveActivity.swift */; };
		A1B2C3D4E5F60001000026 /* CheckInSheet.swift in Sources */ = {isa = PBXBuildFile; fileRef = A1B2C3D4E5F60101000026 /* CheckInSheet.swift */; };
		A1B2C3D4E5F60001000027 /* DailyExperienceView.swift in Sources */ = {isa = PBXBuildFile; fileRef = A1B2C3D4E5F60101000027 /* DailyExperienceView.swift */; };
		A1B2C3D4E5F60001000028 /* JournalEntrySheet.swift in Sources */ = {isa = PBXBuildFile; fileRef = A1B2C3D4E5F60101000028 /* JournalEntrySheet.swift */; };
		A1B2C3D4E5F60001000030 /* OnboardingFlowView.swift in Sources */ = {isa = PBXBuildFile; fileRef = A1B2C3D4E5F60101000030 /* OnboardingFlowView.swift */; };
		A1B2C3D4E5F60001000031 /* JournalListView.swift in Sources */ = {isa = PBXBuildFile; fileRef = A1B2C3D4E5F60101000031 /* JournalListView.swift */; };
		A1B2C3D4E5F60001000032 /* ProgressDashboardView.swift in Sources */ = {isa = PBXBuildFile; fileRef = A1B2C3D4E5F60101000032 /* ProgressDashboardView.swift */; };
		A1B2C3D4E5F60001000033 /* PremiumPaywallView.swift in Sources */ = {isa = PBXBuildFile; fileRef = A1B2C3D4E5F60101000033 /* PremiumPaywallView.swift */; };
		A1B2C3D4E5F60001000034 /* SettingsView.swift in Sources */ = {isa = PBXBuildFile; fileRef = A1B2C3D4E5F60101000034 /* SettingsView.swift */; };
		A1B2C3D4E5F60001000035 /* Assets.xcassets in Resources */ = {isa = PBXBuildFile; fileRef = A1B2C3D4E5F60101000035 /* Assets.xcassets */; };
		A1B2C3D4E5F60001000040 /* SwiftUI.framework in Frameworks */ = {isa = PBXBuildFile; fileRef = A1B2C3D4E5F60101000040 /* SwiftUI.framework */; };
		A1B2C3D4E5F60001000041 /* SwiftData.framework in Frameworks */ = {isa = PBXBuildFile; fileRef = A1B2C3D4E5F60101000041 /* SwiftData.framework */; };
		A1B2C3D4E5F60001000042 /* StoreKit.framework in Frameworks */ = {isa = PBXBuildFile; fileRef = A1B2C3D4E5F60101000042 /* StoreKit.framework */; };
		A1B2C3D4E5F60001000043 /* HealthKit.framework in Frameworks */ = {isa = PBXBuildFile; fileRef = A1B2C3D4E5F60101000043 /* HealthKit.framework */; };
		A1B2C3D4E5F60001000044 /* ActivityKit.framework in Frameworks */ = {isa = PBXBuildFile; fileRef = A1B2C3D4E5F60101000044 /* ActivityKit.framework */; };
		A1B2C3D4E5F60001000045 /* WidgetKit.framework in Frameworks */ = {isa = PBXBuildFile; fileRef = A1B2C3D4E5F60101000045 /* WidgetKit.framework */; };
		A1B2C3D4E5F60001000046 /* UserNotifications.framework in Frameworks */ = {isa = PBXBuildFile; fileRef = A1B2C3D4E5F60101000046 /* UserNotifications.framework */; };
		A1B2C3D4E5F60001000047 /* Charts.framework in Frameworks */ = {isa = PBXBuildFile; fileRef = A1B2C3D4E5F60101000047 /* Charts.framework */; };
		A1B2C3D4E5F60001000048 /* WatchConnectivity.framework in Frameworks */ = {isa = PBXBuildFile; fileRef = A1B2C3D4E5F60101000048 /* WatchConnectivity.framework */; };
		A1B2C3D4E5F60001000050 /* AdaptiveJourneyService.swift in Sources */ = {isa = PBXBuildFile; fileRef = A1B2C3D4E5F60101000050 /* AdaptiveJourneyService.swift */; };
		A1B2C3D4E5F60001000051 /* AudioPlayerService.swift in Sources */ = {isa = PBXBuildFile; fileRef = A1B2C3D4E5F60101000051 /* AudioPlayerService.swift */; };
		A1B2C3D4E5F60001000052 /* WidgetDataService.swift in Sources */ = {isa = PBXBuildFile; fileRef = A1B2C3D4E5F60101000052 /* WidgetDataService.swift */; };
		A1B2C3D4E5F60001000053 /* JourneyCompletionView.swift in Sources */ = {isa = PBXBuildFile; fileRef = A1B2C3D4E5F60101000053 /* JourneyCompletionView.swift */; };
		A1B2C3D4E5F60001000054 /* AccountabilityView.swift in Sources */ = {isa = PBXBuildFile; fileRef = A1B2C3D4E5F60101000054 /* AccountabilityView.swift */; };
		A1B2C3D4E5F60001000055 /* NewJourneyView.swift in Sources */ = {isa = PBXBuildFile; fileRef = A1B2C3D4E5F60101000055 /* NewJourneyView.swift */; };
		A1B2C3D4E5F60001000056 /* ContentThemes_Batch1.swift in Sources */ = {isa = PBXBuildFile; fileRef = A1B2C3D4E5F60101000056 /* ContentThemes_Batch1.swift */; };
		A1B2C3D4E5F60001000057 /* ContentThemes_Batch2.swift in Sources */ = {isa = PBXBuildFile; fileRef = A1B2C3D4E5F60101000057 /* ContentThemes_Batch2.swift */; };
		A1B2C3D4E5F60001000058 /* ContentThemes_Batch3.swift in Sources */ = {isa = PBXBuildFile; fileRef = A1B2C3D4E5F60101000058 /* ContentThemes_Batch3.swift */; };
		A1B2C3D4E5F60001000059 /* ContentThemes_Batch4.swift in Sources */ = {isa = PBXBuildFile; fileRef = A1B2C3D4E5F60101000059 /* ContentThemes_Batch4.swift */; };
		A1B2C3D4E5F60001000060 /* AbideJourneyWatchApp.swift in Sources */ = {isa = PBXBuildFile; fileRef = A1B2C3D4E5F60101000060 /* AbideJourneyWatchApp.swift */; };
		A1B2C3D4E5F60001000061 /* WatchHomeView.swift in Sources */ = {isa = PBXBuildFile; fileRef = A1B2C3D4E5F60101000061 /* WatchHomeView.swift */; };
		A1B2C3D4E5F60001000070 /* AbideJourneyWidgets.swift in Sources */ = {isa = PBXBuildFile; fileRef = A1B2C3D4E5F60101000070 /* AbideJourneyWidgets.swift */; };
		A1B2C3D4E5F60001000071 /* WidgetKit.framework in Frameworks */ = {isa = PBXBuildFile; fileRef = A1B2C3D4E5F60101000045 /* WidgetKit.framework */; };
		A1B2C3D4E5F60001000072 /* SwiftUI.framework in Frameworks */ = {isa = PBXBuildFile; fileRef = A1B2C3D4E5F60101000040 /* SwiftUI.framework */; };
		A1B2C3D4E5F60001000090 /* AccountabilityPartner.swift in Sources */ = {isa = PBXBuildFile; fileRef = A1B2C3D4E5F60101000090 /* AccountabilityPartner.swift */; };
		A1B2C3D4E5F60001000091 /* PDFExportService.swift in Sources */ = {isa = PBXBuildFile; fileRef = A1B2C3D4E5F60101000091 /* PDFExportService.swift */; };
		A1B2C3D4E5F60001000093 /* SpeechRecognitionService.swift in Sources */ = {isa = PBXBuildFile; fileRef = A1B2C3D4E5F60101000093 /* SpeechRecognitionService.swift */; };
		A1B2C3D4E5F60001000094 /* TextToSpeechService.swift in Sources */ = {isa = PBXBuildFile; fileRef = A1B2C3D4E5F60101000094 /* TextToSpeechService.swift */; };
		A1B2C3D4E5F60001000095 /* PrivacyInfo.xcprivacy in Resources */ = {isa = PBXBuildFile; fileRef = A1B2C3D4E5F60101000095 /* PrivacyInfo.xcprivacy */; };
		A1B2C3D4E5F60001000100 /* WatchSyncService.swift in Sources */ = {isa = PBXBuildFile; fileRef = A1B2C3D4E5F60101000100 /* WatchSyncService.swift */; };
		A1B2C3D4E5F60001000101 /* MilestoneCelebrationView.swift in Sources */ = {isa = PBXBuildFile; fileRef = A1B2C3D4E5F60101000101 /* MilestoneCelebrationView.swift */; };
		A1B2C3D4E5F60001000102 /* FaithMapView.swift in Sources */ = {isa = PBXBuildFile; fileRef = A1B2C3D4E5F60101000102 /* FaithMapView.swift */; };
		A1B2C3D4E5F60001000103 /* FaithReportService.swift in Sources */ = {isa = PBXBuildFile; fileRef = A1B2C3D4E5F60101000103 /* FaithReportService.swift */; };
		A1B2C3D4E5F60001000104 /* FaithReportView.swift in Sources */ = {isa = PBXBuildFile; fileRef = A1B2C3D4E5F60101000104 /* FaithReportView.swift */; };
		A1B2C3D4E5F60001000107 /* GiftJourneyView.swift in Sources */ = {isa = PBXBuildFile; fileRef = A1B2C3D4E5F60101000107 /* GiftJourneyView.swift */; };
		A1B2C3D4E5F60001000108 /* CouplesJourneyView.swift in Sources */ = {isa = PBXBuildFile; fileRef = A1B2C3D4E5F60101000108 /* CouplesJourneyView.swift */; };
		A1B2C3D4E5F60001000109 /* DynamicJourneyView.swift in Sources */ = {isa = PBXBuildFile; fileRef = A1B2C3D4E5F60101000109 /* DynamicJourneyView.swift */; };
		A1B2C3D4E5F60001000110 /* WatchSyncReceiver.swift in Sources */ = {isa = PBXBuildFile; fileRef = A1B2C3D4E5F60101000110 /* WatchSyncReceiver.swift */; };
		A1B2C3D4E5F60001000111 /* AnalyticsService.swift in Sources */ = {isa = PBXBuildFile; fileRef = A1B2C3D4E5F60101000111 /* AnalyticsService.swift */; };
		A1B2C3D4E5F60001000112 /* AuthService.swift in Sources */ = {isa = PBXBuildFile; fileRef = A1B2C3D4E5F60101000112 /* AuthService.swift */; };
		A1B2C3D4E5F60001000113 /* Theme.swift in Sources */ = {isa = PBXBuildFile; fileRef = A1B2C3D4E5F60101000113 /* Theme.swift */; };
		A1B2C3D4E5F60001000114 /* ContentExpansion_Prayer.swift in Sources */ = {isa = PBXBuildFile; fileRef = A1B2C3D4E5F60101000114 /* ContentExpansion_Prayer.swift */; };
		A1B2C3D4E5F60001000115 /* ContentExpansion_Scripture.swift in Sources */ = {isa = PBXBuildFile; fileRef = A1B2C3D4E5F60101000115 /* ContentExpansion_Scripture.swift */; };
		A1B2C3D4E5F60001000116 /* ContentExpansion_Obedience.swift in Sources */ = {isa = PBXBuildFile; fileRef = A1B2C3D4E5F60101000116 /* ContentExpansion_Obedience.swift */; };
		A1B2C3D4E5F60001000117 /* ContentExpansion_Worship.swift in Sources */ = {isa = PBXBuildFile; fileRef = A1B2C3D4E5F60101000117 /* ContentExpansion_Worship.swift */; };
		A1B2C3D4E5F60001000118 /* ContentExpansion_Community.swift in Sources */ = {isa = PBXBuildFile; fileRef = A1B2C3D4E5F60101000118 /* ContentExpansion_Community.swift */; };
		A1B2C3D4E5F60001000119 /* ContentExpansion_Evangelism.swift in Sources */ = {isa = PBXBuildFile; fileRef = A1B2C3D4E5F60101000119 /* ContentExpansion_Evangelism.swift */; };
		A1B2C3D4E5F60001000120 /* ContentExpansion_Service.swift in Sources */ = {isa = PBXBuildFile; fileRef = A1B2C3D4E5F60101000120 /* ContentExpansion_Service.swift */; };
		A1B2C3D4E5F60001000121 /* ContentExpansion_Anxiety.swift in Sources */ = {isa = PBXBuildFile; fileRef = A1B2C3D4E5F60101000121 /* ContentExpansion_Anxiety.swift */; };
		A1B2C3D4E5F60001000122 /* ContentExpansion_Grief.swift in Sources */ = {isa = PBXBuildFile; fileRef = A1B2C3D4E5F60101000122 /* ContentExpansion_Grief.swift */; };
		A1B2C3D4E5F60001000123 /* ContentExpansion_Leadership.swift in Sources */ = {isa = PBXBuildFile; fileRef = A1B2C3D4E5F60101000123 /* ContentExpansion_Leadership.swift */; };
		A1B2C3D4E5F60001000124 /* ContentExpansion_StartingOver.swift in Sources */ = {isa = PBXBuildFile; fileRef = A1B2C3D4E5F60101000124 /* ContentExpansion_StartingOver.swift */; };
		A1B2C3D4E5F60001000125 /* ContentExpansion_HealingRelationships.swift in Sources */ = {isa = PBXBuildFile; fileRef = A1B2C3D4E5F60101000125 /* ContentExpansion_HealingRelationships.swift */; };
		A1B2C3D4E5F60001000126 /* ContentExpansion_HearingGod.swift in Sources */ = {isa = PBXBuildFile; fileRef = A1B2C3D4E5F60101000126 /* ContentExpansion_HearingGod.swift */; };
		A1B2C3D4E5F60001000127 /* ContentExpansion_Peace.swift in Sources */ = {isa = PBXBuildFile; fileRef = A1B2C3D4E5F60101000127 /* ContentExpansion_Peace.swift */; };
		A1B2C3D4E5F60001000128 /* ContentExpansion_Doubt.swift in Sources */ = {isa = PBXBuildFile; fileRef = A1B2C3D4E5F60101000128 /* ContentExpansion_Doubt.swift */; };
		A1B2C3D4E5F60001000129 /* ContentTheme_KnowingGod.swift in Sources */ = {isa = PBXBuildFile; fileRef = A1B2C3D4E5F60101000129 /* ContentTheme_KnowingGod.swift */; };
		A1B2C3D4E5F60001000130 /* ContentTheme_ObeyingGod.swift in Sources */ = {isa = PBXBuildFile; fileRef = A1B2C3D4E5F60101000130 /* ContentTheme_ObeyingGod.swift */; };
		A1B2C3D4E5F60001000131 /* ContentTheme_SharingFaith.swift in Sources */ = {isa = PBXBuildFile; fileRef = A1B2C3D4E5F60101000131 /* ContentTheme_SharingFaith.swift */; };
		A1B2C3D4E5F60001000132 /* ContentTheme_BearingFruit.swift in Sources */ = {isa = PBXBuildFile; fileRef = A1B2C3D4E5F60101000132 /* ContentTheme_BearingFruit.swift */; };
		A1B2C3D4E5F60001000133 /* ContentTheme_SpiritualGrowth.swift in Sources */ = {isa = PBXBuildFile; fileRef = A1B2C3D4E5F60101000133 /* ContentTheme_SpiritualGrowth.swift */; };
		A1B2C3D4E5F60001000134 /* AIJourneyService.swift in Sources */ = {isa = PBXBuildFile; fileRef = A1B2C3D4E5F60101000134 /* AIJourneyService.swift */; };
		A1B2C3D4E5F60001000135 /* DeepLinkService.swift in Sources */ = {isa = PBXBuildFile; fileRef = A1B2C3D4E5F60101000135 /* DeepLinkService.swift */; };
		A1B2C3D4E5F60001000136 /* AcceptCouplesInviteView.swift in Sources */ = {isa = PBXBuildFile; fileRef = A1B2C3D4E5F60101000136 /* AcceptCouplesInviteView.swift */; };
		A1B2C3D4E5F60001000137 /* ClaimGiftJourneyView.swift in Sources */ = {isa = PBXBuildFile; fileRef = A1B2C3D4E5F60101000137 /* ClaimGiftJourneyView.swift */; };
		A1B2C3D4E5F60001000138 /* Localizable.strings in Sources */ = {isa = PBXBuildFile; fileRef = A1B2C3D4E5F60101000138 /* Localizable.strings */; };
		A1B2C3D4E5F60001000140 /* ReferralService.swift in Sources */ = {isa = PBXBuildFile; fileRef = A1B2C3D4E5F60101000140 /* ReferralService.swift */; };
		A1B2C3D4E5F60001000141 /* ReferralView.swift in Sources */ = {isa = PBXBuildFile; fileRef = A1B2C3D4E5F60101000141 /* ReferralView.swift */; };
		A1B2C3D4E5F60001000142 /* ScriptureMemoryView.swift in Sources */ = {isa = PBXBuildFile; fileRef = A1B2C3D4E5F60101000142 /* ScriptureMemoryView.swift */; };
		A1B2C3D4E5F60001000143 /* VerseCardEditorView.swift in Sources */ = {isa = PBXBuildFile; fileRef = A1B2C3D4E5F60101000143 /* VerseCardEditorView.swift */; };
		A1B2C3D4E5F60001000144 /* AchievementService.swift in Sources */ = {isa = PBXBuildFile; fileRef = A1B2C3D4E5F60101000144 /* AchievementService.swift */; };
		A1B2C3D4E5F60001000145 /* AchievementsView.swift in Sources */ = {isa = PBXBuildFile; fileRef = A1B2C3D4E5F60101000145 /* AchievementsView.swift */; };
		A1B2C3D4E5F60001000146 /* PrayerWallService.swift in Sources */ = {isa = PBXBuildFile; fileRef = A1B2C3D4E5F60101000146 /* PrayerWallService.swift */; };
		A1B2C3D4E5F60001000147 /* PrayerWallView.swift in Sources */ = {isa = PBXBuildFile; fileRef = A1B2C3D4E5F60101000147 /* PrayerWallView.swift */; };
		A1B2C3D4E5F60001000148 /* GodMomentsService.swift in Sources */ = {isa = PBXBuildFile; fileRef = A1B2C3D4E5F60101000148 /* GodMomentsService.swift */; };
		A1B2C3D4E5F60001000149 /* GodMomentsView.swift in Sources */ = {isa = PBXBuildFile; fileRef = A1B2C3D4E5F60101000149 /* GodMomentsView.swift */; };
		A1B2C3D4E5F60001000150 /* BreathingMeditationView.swift in Sources */ = {isa = PBXBuildFile; fileRef = A1B2C3D4E5F60101000150 /* BreathingMeditationView.swift */; };
		A1B2C3D4E5F60001000151 /* SanctuaryView.swift in Sources */ = {isa = PBXBuildFile; fileRef = A1B2C3D4E5F60101000151 /* SanctuaryView.swift */; };
		A1B2C3D4E5F60001000152 /* TestimonyService.swift in Sources */ = {isa = PBXBuildFile; fileRef = A1B2C3D4E5F60101000152 /* TestimonyService.swift */; };
		A1B2C3D4E5F60001000153 /* TestimonyWallView.swift in Sources */ = {isa = PBXBuildFile; fileRef = A1B2C3D4E5F60101000153 /* TestimonyWallView.swift */; };
		A1B2C3D4E5F60001000154 /* FamilyJourneyView.swift in Sources */ = {isa = PBXBuildFile; fileRef = A1B2C3D4E5F60101000154 /* FamilyJourneyView.swift */; };
		A1B2C3D4E5F60001000155 /* FaithWrappedView.swift in Sources */ = {isa = PBXBuildFile; fileRef = A1B2C3D4E5F60101000155 /* FaithWrappedView.swift */; };
/* End PBXBuildFile section */

/* Begin PBXContainerItemProxy section */
		8C58E5E82F8CB627003ACA3A /* PBXContainerItemProxy */ = {
			isa = PBXContainerItemProxy;
			containerPortal = A1B2C3D4E5F60501000001 /* Project object */;
			proxyType = 1;
			remoteGlobalIDString = 8C58E5DB2F8CB624003ACA3A;
			remoteInfo = AbideJourneyClip;
		};
/* End PBXContainerItemProxy section */

/* Begin PBXCopyFilesBuildPhase section */
		8C58E5EF2F8CB627003ACA3A /* Embed App Clips */ = {
			isa = PBXCopyFilesBuildPhase;
			buildActionMask = 2147483647;
			dstPath = "$(CONTENTS_FOLDER_PATH)/AppClips";
			dstSubfolderSpec = 16;
			files = (
				8C58E5EA2F8CB627003ACA3A /* AbideJourneyClip.app in Embed App Clips */,
			);
			name = "Embed App Clips";
			runOnlyForDeploymentPostprocessing = 0;
		};
/* End PBXCopyFilesBuildPhase section */

/* Begin PBXFileReference section */
		8C58E3F02F86E423003ACA3A /* ChurchFinderService.swift */ = {isa = PBXFileReference; lastKnownFileType = sourcecode.swift; path = ChurchFinderService.swift; sourceTree = "<group>"; };
		8C58E3F12F86E423003ACA3A /* ReviewPromptService.swift */ = {isa = PBXFileReference; lastKnownFileType = sourcecode.swift; path = ReviewPromptService.swift; sourceTree = "<group>"; };
		8C58E3F22F86E423003ACA3A /* SeasonalJourneyService.swift */ = {isa = PBXFileReference; lastKnownFileType = sourcecode.swift; path = SeasonalJourneyService.swift; sourceTree = "<group>"; };
		8C58E3F62F86E435003ACA3A /* ListenModeView.swift */ = {isa = PBXFileReference; lastKnownFileType = sourcecode.swift; path = ListenModeView.swift; sourceTree = "<group>"; };
		8C58E3F72F86E435003ACA3A /* SeasonalJourneyViews.swift */ = {isa = PBXFileReference; lastKnownFileType = sourcecode.swift; path = SeasonalJourneyViews.swift; sourceTree = "<group>"; };
		8C58E3FA2F86E447003ACA3A /* FindChurchView.swift */ = {isa = PBXFileReference; lastKnownFileType = sourcecode.swift; path = FindChurchView.swift; sourceTree = "<group>"; };
		8C58E3FC2F8709DB003ACA3A /* AudioNarrationService.swift */ = {isa = PBXFileReference; lastKnownFileType = sourcecode.swift; path = AudioNarrationService.swift; sourceTree = "<group>"; };
		8C58E3FE2F8712B3003ACA3A /* CommunityService.swift */ = {isa = PBXFileReference; lastKnownFileType = sourcecode.swift; path = CommunityService.swift; sourceTree = "<group>"; };
		8C58E4842F8778F9003ACA3A /* DiscoverView.swift */ = {isa = PBXFileReference; lastKnownFileType = sourcecode.swift; path = DiscoverView.swift; sourceTree = "<group>"; };
		8C58E4872F87F5B0003ACA3A /* GoogleService-Info.plist */ = {isa = PBXFileReference; lastKnownFileType = text.plist.xml; path = "GoogleService-Info.plist"; sourceTree = "<group>"; };
		8C58E4892F87F799003ACA3A /* Secrets.xcconfig */ = {isa = PBXFileReference; lastKnownFileType = text.xcconfig; path = Secrets.xcconfig; sourceTree = "<group>"; };
		8C58E5DC2F8CB625003ACA3A /* AbideJourneyClip.app */ = {isa = PBXFileReference; explicitFileType = wrapper.application; includeInIndex = 0; path = AbideJourneyClip.app; sourceTree = BUILT_PRODUCTS_DIR; };
		A1B2C3D4E5F60101000001 /* AbideJourneyApp.swift */ = {isa = PBXFileReference; lastKnownFileType = sourcecode.swift; path = AbideJourneyApp.swift; sourceTree = "<group>"; };
		A1B2C3D4E5F60101000002 /* MainTabView.swift */ = {isa = PBXFileReference; lastKnownFileType = sourcecode.swift; path = MainTabView.swift; sourceTree = "<group>"; };
		A1B2C3D4E5F60101000003 /* RootView.swift */ = {isa = PBXFileReference; lastKnownFileType = sourcecode.swift; path = RootView.swift; sourceTree = "<group>"; };
		A1B2C3D4E5F60101000004 /* Date+Extensions.swift */ = {isa = PBXFileReference; lastKnownFileType = sourcecode.swift; path = "Date+Extensions.swift"; sourceTree = "<group>"; };
		A1B2C3D4E5F60101000005 /* View+Extensions.swift */ = {isa = PBXFileReference; lastKnownFileType = sourcecode.swift; path = "View+Extensions.swift"; sourceTree = "<group>"; };
		A1B2C3D4E5F60101000006 /* DailyCheckIn.swift */ = {isa = PBXFileReference; lastKnownFileType = sourcecode.swift; path = DailyCheckIn.swift; sourceTree = "<group>"; };
		A1B2C3D4E5F60101000007 /* JournalEntry.swift */ = {isa = PBXFileReference; lastKnownFileType = sourcecode.swift; path = JournalEntry.swift; sourceTree = "<group>"; };
		A1B2C3D4E5F60101000008 /* Journey.swift */ = {isa = PBXFileReference; lastKnownFileType = sourcecode.swift; path = Journey.swift; sourceTree = "<group>"; };
		A1B2C3D4E5F60101000009 /* JourneyDay.swift */ = {isa = PBXFileReference; lastKnownFileType = sourcecode.swift; path = JourneyDay.swift; sourceTree = "<group>"; };
		A1B2C3D4E5F60101000011 /* QuizResponse.swift */ = {isa = PBXFileReference; lastKnownFileType = sourcecode.swift; path = QuizResponse.swift; sourceTree = "<group>"; };
		A1B2C3D4E5F60101000012 /* UserProfile.swift */ = {isa = PBXFileReference; lastKnownFileType = sourcecode.swift; path = UserProfile.swift; sourceTree = "<group>"; };
		A1B2C3D4E5F60101000013 /* ContentData.swift */ = {isa = PBXFileReference; lastKnownFileType = sourcecode.swift; path = ContentData.swift; sourceTree = "<group>"; };
		A1B2C3D4E5F60101000014 /* ContentLibrary.swift */ = {isa = PBXFileReference; lastKnownFileType = sourcecode.swift; path = ContentLibrary.swift; sourceTree = "<group>"; };
		A1B2C3D4E5F60101000016 /* JourneyGenerationService.swift */ = {isa = PBXFileReference; lastKnownFileType = sourcecode.swift; path = JourneyGenerationService.swift; sourceTree = "<group>"; };
		A1B2C3D4E5F60101000017 /* LiveActivityService.swift */ = {isa = PBXFileReference; lastKnownFileType = sourcecode.swift; path = LiveActivityService.swift; sourceTree = "<group>"; };
		A1B2C3D4E5F60101000018 /* NotificationService.swift */ = {isa = PBXFileReference; lastKnownFileType = sourcecode.swift; path = NotificationService.swift; sourceTree = "<group>"; };
		A1B2C3D4E5F60101000020 /* StoreKitService.swift */ = {isa = PBXFileReference; lastKnownFileType = sourcecode.swift; path = StoreKitService.swift; sourceTree = "<group>"; };
		A1B2C3D4E5F60101000021 /* StreakService.swift */ = {isa = PBXFileReference; lastKnownFileType = sourcecode.swift; path = StreakService.swift; sourceTree = "<group>"; };
		A1B2C3D4E5F60101000022 /* DailyExperienceViewModel.swift */ = {isa = PBXFileReference; lastKnownFileType = sourcecode.swift; path = DailyExperienceViewModel.swift; sourceTree = "<group>"; };
		A1B2C3D4E5F60101000023 /* OnboardingViewModel.swift */ = {isa = PBXFileReference; lastKnownFileType = sourcecode.swift; path = OnboardingViewModel.swift; sourceTree = "<group>"; };
		A1B2C3D4E5F60101000024 /* ProgressViewModel.swift */ = {isa = PBXFileReference; lastKnownFileType = sourcecode.swift; path = ProgressViewModel.swift; sourceTree = "<group>"; };
		A1B2C3D4E5F60101000025 /* DevotionalLiveActivity.swift */ = {isa = PBXFileReference; lastKnownFileType = sourcecode.swift; path = DevotionalLiveActivity.swift; sourceTree = "<group>"; };
		A1B2C3D4E5F60101000026 /* CheckInSheet.swift */ = {isa = PBXFileReference; lastKnownFileType = sourcecode.swift; path = CheckInSheet.swift; sourceTree = "<group>"; };
		A1B2C3D4E5F60101000027 /* DailyExperienceView.swift */ = {isa = PBXFileReference; lastKnownFileType = sourcecode.swift; path = DailyExperienceView.swift; sourceTree = "<group>"; };
		A1B2C3D4E5F60101000028 /* JournalEntrySheet.swift */ = {isa = PBXFileReference; lastKnownFileType = sourcecode.swift; path = JournalEntrySheet.swift; sourceTree = "<group>"; };
		A1B2C3D4E5F60101000030 /* OnboardingFlowView.swift */ = {isa = PBXFileReference; lastKnownFileType = sourcecode.swift; path = OnboardingFlowView.swift; sourceTree = "<group>"; };
		A1B2C3D4E5F60101000031 /* JournalListView.swift */ = {isa = PBXFileReference; lastKnownFileType = sourcecode.swift; path = JournalListView.swift; sourceTree = "<group>"; };
		A1B2C3D4E5F60101000032 /* ProgressDashboardView.swift */ = {isa = PBXFileReference; lastKnownFileType = sourcecode.swift; path = ProgressDashboardView.swift; sourceTree = "<group>"; };
		A1B2C3D4E5F60101000033 /* PremiumPaywallView.swift */ = {isa = PBXFileReference; lastKnownFileType = sourcecode.swift; path = PremiumPaywallView.swift; sourceTree = "<group>"; };
		A1B2C3D4E5F60101000034 /* SettingsView.swift */ = {isa = PBXFileReference; lastKnownFileType = sourcecode.swift; path = SettingsView.swift; sourceTree = "<group>"; };
		A1B2C3D4E5F60101000035 /* Assets.xcassets */ = {isa = PBXFileReference; lastKnownFileType = folder.assetcatalog; path = Assets.xcassets; sourceTree = "<group>"; };
		A1B2C3D4E5F60101000036 /* Products.storekit */ = {isa = PBXFileReference; lastKnownFileType = text.json; path = Products.storekit; sourceTree = "<group>"; };
		A1B2C3D4E5F60101000037 /* Info.plist */ = {isa = PBXFileReference; lastKnownFileType = text.plist.xml; path = Info.plist; sourceTree = "<group>"; };
		A1B2C3D4E5F60101000038 /* AbideJourney.app */ = {isa = PBXFileReference; explicitFileType = wrapper.application; includeInIndex = 0; path = AbideJourney.app; sourceTree = BUILT_PRODUCTS_DIR; };
		A1B2C3D4E5F60101000040 /* SwiftUI.framework */ = {isa = PBXFileReference; lastKnownFileType = wrapper.framework; name = SwiftUI.framework; path = System/Library/Frameworks/SwiftUI.framework; sourceTree = SDKROOT; };
		A1B2C3D4E5F60101000041 /* SwiftData.framework */ = {isa = PBXFileReference; lastKnownFileType = wrapper.framework; name = SwiftData.framework; path = System/Library/Frameworks/SwiftData.framework; sourceTree = SDKROOT; };
		A1B2C3D4E5F60101000042 /* StoreKit.framework */ = {isa = PBXFileReference; lastKnownFileType = wrapper.framework; name = StoreKit.framework; path = System/Library/Frameworks/StoreKit.framework; sourceTree = SDKROOT; };
		A1B2C3D4E5F60101000043 /* HealthKit.framework */ = {isa = PBXFileReference; lastKnownFileType = wrapper.framework; name = HealthKit.framework; path = System/Library/Frameworks/HealthKit.framework; sourceTree = SDKROOT; };
		A1B2C3D4E5F60101000044 /* ActivityKit.framework */ = {isa = PBXFileReference; lastKnownFileType = wrapper.framework; name = ActivityKit.framework; path = System/Library/Frameworks/ActivityKit.framework; sourceTree = SDKROOT; };
		A1B2C3D4E5F60101000045 /* WidgetKit.framework */ = {isa = PBXFileReference; lastKnownFileType = wrapper.framework; name = WidgetKit.framework; path = System/Library/Frameworks/WidgetKit.framework; sourceTree = SDKROOT; };
		A1B2C3D4E5F60101000046 /* UserNotifications.framework */ = {isa = PBXFileReference; lastKnownFileType = wrapper.framework; name = UserNotifications.framework; path = System/Library/Frameworks/UserNotifications.framework; sourceTree = SDKROOT; };
		A1B2C3D4E5F60101000047 /* Charts.framework */ = {isa = PBXFileReference; lastKnownFileType = wrapper.framework; name = Charts.framework; path = System/Library/Frameworks/Charts.framework; sourceTree = SDKROOT; };
		A1B2C3D4E5F60101000048 /* WatchConnectivity.framework */ = {isa = PBXFileReference; lastKnownFileType = wrapper.framework; name = WatchConnectivity.framework; path = System/Library/Frameworks/WatchConnectivity.framework; sourceTree = SDKROOT; };
		A1B2C3D4E5F60101000050 /* AdaptiveJourneyService.swift */ = {isa = PBXFileReference; lastKnownFileType = sourcecode.swift; path = AdaptiveJourneyService.swift; sourceTree = "<group>"; };
		A1B2C3D4E5F60101000051 /* AudioPlayerService.swift */ = {isa = PBXFileReference; lastKnownFileType = sourcecode.swift; path = AudioPlayerService.swift; sourceTree = "<group>"; };
		A1B2C3D4E5F60101000052 /* WidgetDataService.swift */ = {isa = PBXFileReference; lastKnownFileType = sourcecode.swift; path = WidgetDataService.swift; sourceTree = "<group>"; };
		A1B2C3D4E5F60101000053 /* JourneyCompletionView.swift */ = {isa = PBXFileReference; lastKnownFileType = sourcecode.swift; path = JourneyCompletionView.swift; sourceTree = "<group>"; };
		A1B2C3D4E5F60101000054 /* AccountabilityView.swift */ = {isa = PBXFileReference; lastKnownFileType = sourcecode.swift; path = AccountabilityView.swift; sourceTree = "<group>"; };
		A1B2C3D4E5F60101000055 /* NewJourneyView.swift */ = {isa = PBXFileReference; lastKnownFileType = sourcecode.swift; path = NewJourneyView.swift; sourceTree = "<group>"; };
		A1B2C3D4E5F60101000056 /* ContentThemes_Batch1.swift */ = {isa = PBXFileReference; lastKnownFileType = sourcecode.swift; path = ContentThemes_Batch1.swift; sourceTree = "<group>"; };
		A1B2C3D4E5F60101000057 /* ContentThemes_Batch2.swift */ = {isa = PBXFileReference; lastKnownFileType = sourcecode.swift; path = ContentThemes_Batch2.swift; sourceTree = "<group>"; };
		A1B2C3D4E5F60101000058 /* ContentThemes_Batch3.swift */ = {isa = PBXFileReference; lastKnownFileType = sourcecode.swift; path = ContentThemes_Batch3.swift; sourceTree = "<group>"; };
		A1B2C3D4E5F60101000059 /* ContentThemes_Batch4.swift */ = {isa = PBXFileReference; lastKnownFileType = sourcecode.swift; path = ContentThemes_Batch4.swift; sourceTree = "<group>"; };
		A1B2C3D4E5F60101000060 /* AbideJourneyWatchApp.swift */ = {isa = PBXFileReference; lastKnownFileType = sourcecode.swift; path = AbideJourneyWatchApp.swift; sourceTree = "<group>"; };
		A1B2C3D4E5F60101000061 /* WatchHomeView.swift */ = {isa = PBXFileReference; lastKnownFileType = sourcecode.swift; path = WatchHomeView.swift; sourceTree = "<group>"; };
		A1B2C3D4E5F60101000062 /* AbideJourneyWatch.app */ = {isa = PBXFileReference; explicitFileType = wrapper.application; includeInIndex = 0; path = AbideJourneyWatch.app; sourceTree = BUILT_PRODUCTS_DIR; };
		A1B2C3D4E5F60101000070 /* AbideJourneyWidgets.swift */ = {isa = PBXFileReference; lastKnownFileType = sourcecode.swift; path = AbideJourneyWidgets.swift; sourceTree = "<group>"; };
		A1B2C3D4E5F60101000071 /* AbideJourneyWidgets.appex */ = {isa = PBXFileReference; explicitFileType = "wrapper.app-extension"; includeInIndex = 0; path = AbideJourneyWidgets.appex; sourceTree = BUILT_PRODUCTS_DIR; };
		A1B2C3D4E5F60101000080 /* AbideJourney.entitlements */ = {isa = PBXFileReference; lastKnownFileType = text.plist.entitlements; path = AbideJourney.entitlements; sourceTree = "<group>"; };
		A1B2C3D4E5F60101000081 /* AbideJourneyWidgets.entitlements */ = {isa = PBXFileReference; lastKnownFileType = text.plist.entitlements; path = AbideJourneyWidgets.entitlements; sourceTree = "<group>"; };
		A1B2C3D4E5F60101000090 /* AccountabilityPartner.swift */ = {isa = PBXFileReference; lastKnownFileType = sourcecode.swift; path = AccountabilityPartner.swift; sourceTree = "<group>"; };
		A1B2C3D4E5F60101000091 /* PDFExportService.swift */ = {isa = PBXFileReference; lastKnownFileType = sourcecode.swift; path = PDFExportService.swift; sourceTree = "<group>"; };
		A1B2C3D4E5F60101000093 /* SpeechRecognitionService.swift */ = {isa = PBXFileReference; lastKnownFileType = sourcecode.swift; path = SpeechRecognitionService.swift; sourceTree = "<group>"; };
		A1B2C3D4E5F60101000094 /* TextToSpeechService.swift */ = {isa = PBXFileReference; lastKnownFileType = sourcecode.swift; path = TextToSpeechService.swift; sourceTree = "<group>"; };
		A1B2C3D4E5F60101000095 /* PrivacyInfo.xcprivacy */ = {isa = PBXFileReference; lastKnownFileType = text.xml; path = PrivacyInfo.xcprivacy; sourceTree = "<group>"; };
		A1B2C3D4E5F60101000100 /* WatchSyncService.swift */ = {isa = PBXFileReference; lastKnownFileType = sourcecode.swift; path = WatchSyncService.swift; sourceTree = "<group>"; };
		A1B2C3D4E5F60101000101 /* MilestoneCelebrationView.swift */ = {isa = PBXFileReference; lastKnownFileType = sourcecode.swift; path = MilestoneCelebrationView.swift; sourceTree = "<group>"; };
		A1B2C3D4E5F60101000102 /* FaithMapView.swift */ = {isa = PBXFileReference; lastKnownFileType = sourcecode.swift; path = FaithMapView.swift; sourceTree = "<group>"; };
		A1B2C3D4E5F60101000103 /* FaithReportService.swift */ = {isa = PBXFileReference; lastKnownFileType = sourcecode.swift; path = FaithReportService.swift; sourceTree = "<group>"; };
		A1B2C3D4E5F60101000104 /* FaithReportView.swift */ = {isa = PBXFileReference; lastKnownFileType = sourcecode.swift; path = FaithReportView.swift; sourceTree = "<group>"; };
		A1B2C3D4E5F60101000107 /* GiftJourneyView.swift */ = {isa = PBXFileReference; lastKnownFileType = sourcecode.swift; path = GiftJourneyView.swift; sourceTree = "<group>"; };
		A1B2C3D4E5F60101000108 /* CouplesJourneyView.swift */ = {isa = PBXFileReference; lastKnownFileType = sourcecode.swift; path = CouplesJourneyView.swift; sourceTree = "<group>"; };
		A1B2C3D4E5F60101000109 /* DynamicJourneyView.swift */ = {isa = PBXFileReference; lastKnownFileType = sourcecode.swift; path = DynamicJourneyView.swift; sourceTree = "<group>"; };
		A1B2C3D4E5F60101000110 /* WatchSyncReceiver.swift */ = {isa = PBXFileReference; lastKnownFileType = sourcecode.swift; path = WatchSyncReceiver.swift; sourceTree = "<group>"; };
		A1B2C3D4E5F60101000111 /* AnalyticsService.swift */ = {isa = PBXFileReference; lastKnownFileType = sourcecode.swift; path = AnalyticsService.swift; sourceTree = "<group>"; };
		A1B2C3D4E5F60101000112 /* AuthService.swift */ = {isa = PBXFileReference; lastKnownFileType = sourcecode.swift; path = AuthService.swift; sourceTree = "<group>"; };
		A1B2C3D4E5F60101000113 /* Theme.swift */ = {isa = PBXFileReference; lastKnownFileType = sourcecode.swift; path = Theme.swift; sourceTree = "<group>"; };
		A1B2C3D4E5F60101000114 /* ContentExpansion_Prayer.swift */ = {isa = PBXFileReference; lastKnownFileType = sourcecode.swift; path = ContentExpansion_Prayer.swift; sourceTree = "<group>"; };
		A1B2C3D4E5F60101000115 /* ContentExpansion_Scripture.swift */ = {isa = PBXFileReference; lastKnownFileType = sourcecode.swift; path = ContentExpansion_Scripture.swift; sourceTree = "<group>"; };
		A1B2C3D4E5F60101000116 /* ContentExpansion_Obedience.swift */ = {isa = PBXFileReference; lastKnownFileType = sourcecode.swift; path = ContentExpansion_Obedience.swift; sourceTree = "<group>"; };
		A1B2C3D4E5F60101000117 /* ContentExpansion_Worship.swift */ = {isa = PBXFileReference; lastKnownFileType = sourcecode.swift; path = ContentExpansion_Worship.swift; sourceTree = "<group>"; };
		A1B2C3D4E5F60101000118 /* ContentExpansion_Community.swift */ = {isa = PBXFileReference; lastKnownFileType = sourcecode.swift; path = ContentExpansion_Community.swift; sourceTree = "<group>"; };
		A1B2C3D4E5F60101000119 /* ContentExpansion_Evangelism.swift */ = {isa = PBXFileReference; lastKnownFileType = sourcecode.swift; path = ContentExpansion_Evangelism.swift; sourceTree = "<group>"; };
		A1B2C3D4E5F60101000120 /* ContentExpansion_Service.swift */ = {isa = PBXFileReference; lastKnownFileType = sourcecode.swift; path = ContentExpansion_Service.swift; sourceTree = "<group>"; };
		A1B2C3D4E5F60101000121 /* ContentExpansion_Anxiety.swift */ = {isa = PBXFileReference; lastKnownFileType = sourcecode.swift; path = ContentExpansion_Anxiety.swift; sourceTree = "<group>"; };
		A1B2C3D4E5F60101000122 /* ContentExpansion_Grief.swift */ = {isa = PBXFileReference; lastKnownFileType = sourcecode.swift; path = ContentExpansion_Grief.swift; sourceTree = "<group>"; };
		A1B2C3D4E5F60101000123 /* ContentExpansion_Leadership.swift */ = {isa = PBXFileReference; lastKnownFileType = sourcecode.swift; path = ContentExpansion_Leadership.swift; sourceTree = "<group>"; };
		A1B2C3D4E5F60101000124 /* ContentExpansion_StartingOver.swift */ = {isa = PBXFileReference; lastKnownFileType = sourcecode.swift; path = ContentExpansion_StartingOver.swift; sourceTree = "<group>"; };
		A1B2C3D4E5F60101000125 /* ContentExpansion_HealingRelationships.swift */ = {isa = PBXFileReference; lastKnownFileType = sourcecode.swift; path = ContentExpansion_HealingRelationships.swift; sourceTree = "<group>"; };
		A1B2C3D4E5F60101000126 /* ContentExpansion_HearingGod.swift */ = {isa = PBXFileReference; lastKnownFileType = sourcecode.swift; path = ContentExpansion_HearingGod.swift; sourceTree = "<group>"; };
		A1B2C3D4E5F60101000127 /* ContentExpansion_Peace.swift */ = {isa = PBXFileReference; lastKnownFileType = sourcecode.swift; path = ContentExpansion_Peace.swift; sourceTree = "<group>"; };
		A1B2C3D4E5F60101000128 /* ContentExpansion_Doubt.swift */ = {isa = PBXFileReference; lastKnownFileType = sourcecode.swift; path = ContentExpansion_Doubt.swift; sourceTree = "<group>"; };
		A1B2C3D4E5F60101000129 /* ContentTheme_KnowingGod.swift */ = {isa = PBXFileReference; lastKnownFileType = sourcecode.swift; path = ContentTheme_KnowingGod.swift; sourceTree = "<group>"; };
		A1B2C3D4E5F60101000130 /* ContentTheme_ObeyingGod.swift */ = {isa = PBXFileReference; lastKnownFileType = sourcecode.swift; path = ContentTheme_ObeyingGod.swift; sourceTree = "<group>"; };
		A1B2C3D4E5F60101000131 /* ContentTheme_SharingFaith.swift */ = {isa = PBXFileReference; lastKnownFileType = sourcecode.swift; path = ContentTheme_SharingFaith.swift; sourceTree = "<group>"; };
		A1B2C3D4E5F60101000132 /* ContentTheme_BearingFruit.swift */ = {isa = PBXFileReference; lastKnownFileType = sourcecode.swift; path = ContentTheme_BearingFruit.swift; sourceTree = "<group>"; };
		A1B2C3D4E5F60101000133 /* ContentTheme_SpiritualGrowth.swift */ = {isa = PBXFileReference; lastKnownFileType = sourcecode.swift; path = ContentTheme_SpiritualGrowth.swift; sourceTree = "<group>"; };
		A1B2C3D4E5F60101000134 /* AIJourneyService.swift */ = {isa = PBXFileReference; lastKnownFileType = sourcecode.swift; path = AIJourneyService.swift; sourceTree = "<group>"; };
		A1B2C3D4E5F60101000135 /* DeepLinkService.swift */ = {isa = PBXFileReference; lastKnownFileType = sourcecode.swift; path = DeepLinkService.swift; sourceTree = "<group>"; };
		A1B2C3D4E5F60101000136 /* AcceptCouplesInviteView.swift */ = {isa = PBXFileReference; lastKnownFileType = sourcecode.swift; path = AcceptCouplesInviteView.swift; sourceTree = "<group>"; };
		A1B2C3D4E5F60101000137 /* ClaimGiftJourneyView.swift */ = {isa = PBXFileReference; lastKnownFileType = sourcecode.swift; path = ClaimGiftJourneyView.swift; sourceTree = "<group>"; };
		A1B2C3D4E5F60101000138 /* Localizable.strings */ = {isa = PBXFileReference; lastKnownFileType = text.plist.strings; name = Localizable.strings; path = AbideJourney/Resources/en.lproj/Localizable.strings; sourceTree = SOURCE_ROOT; };
		A1B2C3D4E5F60101000140 /* ReferralService.swift */ = {isa = PBXFileReference; lastKnownFileType = sourcecode.swift; path = ReferralService.swift; sourceTree = "<group>"; };
		A1B2C3D4E5F60101000141 /* ReferralView.swift */ = {isa = PBXFileReference; lastKnownFileType = sourcecode.swift; path = ReferralView.swift; sourceTree = "<group>"; };
		A1B2C3D4E5F60101000142 /* ScriptureMemoryView.swift */ = {isa = PBXFileReference; lastKnownFileType = sourcecode.swift; path = ScriptureMemoryView.swift; sourceTree = "<group>"; };
		A1B2C3D4E5F60101000143 /* VerseCardEditorView.swift */ = {isa = PBXFileReference; lastKnownFileType = sourcecode.swift; path = VerseCardEditorView.swift; sourceTree = "<group>"; };
		A1B2C3D4E5F60101000144 /* AchievementService.swift */ = {isa = PBXFileReference; lastKnownFileType = sourcecode.swift; path = AchievementService.swift; sourceTree = "<group>"; };
		A1B2C3D4E5F60101000145 /* AchievementsView.swift */ = {isa = PBXFileReference; lastKnownFileType = sourcecode.swift; path = AchievementsView.swift; sourceTree = "<group>"; };
		A1B2C3D4E5F60101000146 /* PrayerWallService.swift */ = {isa = PBXFileReference; lastKnownFileType = sourcecode.swift; path = PrayerWallService.swift; sourceTree = "<group>"; };
		A1B2C3D4E5F60101000147 /* PrayerWallView.swift */ = {isa = PBXFileReference; lastKnownFileType = sourcecode.swift; path = PrayerWallView.swift; sourceTree = "<group>"; };
		A1B2C3D4E5F60101000148 /* GodMomentsService.swift */ = {isa = PBXFileReference; lastKnownFileType = sourcecode.swift; path = GodMomentsService.swift; sourceTree = "<group>"; };
		A1B2C3D4E5F60101000149 /* GodMomentsView.swift */ = {isa = PBXFileReference; lastKnownFileType = sourcecode.swift; path = GodMomentsView.swift; sourceTree = "<group>"; };
		A1B2C3D4E5F60101000150 /* BreathingMeditationView.swift */ = {isa = PBXFileReference; lastKnownFileType = sourcecode.swift; path = BreathingMeditationView.swift; sourceTree = "<group>"; };
		A1B2C3D4E5F60101000151 /* SanctuaryView.swift */ = {isa = PBXFileReference; lastKnownFileType = sourcecode.swift; path = SanctuaryView.swift; sourceTree = "<group>"; };
		A1B2C3D4E5F60101000152 /* TestimonyService.swift */ = {isa = PBXFileReference; lastKnownFileType = sourcecode.swift; path = TestimonyService.swift; sourceTree = "<group>"; };
		A1B2C3D4E5F60101000153 /* TestimonyWallView.swift */ = {isa = PBXFileReference; lastKnownFileType = sourcecode.swift; path = TestimonyWallView.swift; sourceTree = "<group>"; };
		A1B2C3D4E5F60101000154 /* FamilyJourneyView.swift */ = {isa = PBXFileReference; lastKnownFileType = sourcecode.swift; path = FamilyJourneyView.swift; sourceTree = "<group>"; };
		A1B2C3D4E5F60101000155 /* FaithWrappedView.swift */ = {isa = PBXFileReference; lastKnownFileType = sourcecode.swift; path = FaithWrappedView.swift; sourceTree = "<group>"; };
/* End PBXFileReference section */

/* Begin PBXFileSystemSynchronizedBuildFileExceptionSet section */
		8C58E5EB2F8CB627003ACA3A /* PBXFileSystemSynchronizedBuildFileExceptionSet */ = {
			isa = PBXFileSystemSynchronizedBuildFileExceptionSet;
			membershipExceptions = (
				Info.plist,
			);
			target = 8C58E5DB2F8CB624003ACA3A /* AbideJourneyClip */;
		};
/* End PBXFileSystemSynchronizedBuildFileExceptionSet section */

/* Begin PBXFileSystemSynchronizedRootGroup section */
		8C58E5DD2F8CB625003ACA3A /* AbideJourneyClip */ = {isa = PBXFileSystemSynchronizedRootGroup; exceptions = (8C58E5EB2F8CB627003ACA3A /* PBXFileSystemSynchronizedBuildFileExceptionSet */, ); explicitFileTypes = {}; explicitFolders = (); path = AbideJourneyClip; sourceTree = "<group>"; };
/* End PBXFileSystemSynchronizedRootGroup section */

/* Begin PBXFrameworksBuildPhase section */
		8C58E5D92F8CB624003ACA3A /* Frameworks */ = {
			isa = PBXFrameworksBuildPhase;
			buildActionMask = 2147483647;
			files = (
			);
			runOnlyForDeploymentPostprocessing = 0;
		};
		A1B2C3D4E5F60201000001 /* Frameworks */ = {
			isa = PBXFrameworksBuildPhase;
			buildActionMask = 2147483647;
			files = (
				A1B2C3D4E5F60001000040 /* SwiftUI.framework in Frameworks */,
				A1B2C3D4E5F60001000041 /* SwiftData.framework in Frameworks */,
				A1B2C3D4E5F60001000042 /* StoreKit.framework in Frameworks */,
				8C58E48C2F87F8C4003ACA3A /* TelemetryDeck in Frameworks */,
				A1B2C3D4E5F60001000043 /* HealthKit.framework in Frameworks */,
				A1B2C3D4E5F60001000044 /* ActivityKit.framework in Frameworks */,
				A1B2C3D4E5F60001000045 /* WidgetKit.framework in Frameworks */,
				A1B2C3D4E5F60001000046 /* UserNotifications.framework in Frameworks */,
				A1B2C3D4E5F60001000047 /* Charts.framework in Frameworks */,
				A1B2C3D4E5F60001000048 /* WatchConnectivity.framework in Frameworks */,
			);
			runOnlyForDeploymentPostprocessing = 0;
		};
		A1B2C3D4E5F60201000011 /* Frameworks */ = {
			isa = PBXFrameworksBuildPhase;
			buildActionMask = 2147483647;
			files = (
			);
			runOnlyForDeploymentPostprocessing = 0;
		};
		A1B2C3D4E5F60201000021 /* Frameworks */ = {
			isa = PBXFrameworksBuildPhase;
			buildActionMask = 2147483647;
			files = (
				A1B2C3D4E5F60001000071 /* WidgetKit.framework in Frameworks */,
				A1B2C3D4E5F60001000072 /* SwiftUI.framework in Frameworks */,
			);
			runOnlyForDeploymentPostprocessing = 0;
		};
/* End PBXFrameworksBuildPhase section */

/* Begin PBXGroup section */
		8C4A6F8B2F86CACE007452AF /* Recovered References */ = {
			isa = PBXGroup;
			children = (
				A1B2C3D4E5F60101000138 /* Localizable.strings */,
			);
			name = "Recovered References";
			sourceTree = "<group>";
		};
		8C58E4852F8778F9003ACA3A /* Discover */ = {
			isa = PBXGroup;
			children = (
				8C58E4842F8778F9003ACA3A /* DiscoverView.swift */,
			);
			path = Discover;
			sourceTree = "<group>";
		};
		A1B2C3D4E5F60301000001 = {
			isa = PBXGroup;
			children = (
				A1B2C3D4E5F60301000002 /* AbideJourney */,
				A1B2C3D4E5F60301000030 /* AbideJourneyWatch */,
				A1B2C3D4E5F60301000040 /* AbideJourneyWidgets */,
				8C58E5DD2F8CB625003ACA3A /* AbideJourneyClip */,
				A1B2C3D4E5F60301000020 /* Frameworks */,
				A1B2C3D4E5F60301000021 /* Products */,
				8C4A6F8B2F86CACE007452AF /* Recovered References */,
				8C58E4892F87F799003ACA3A /* Secrets.xcconfig */,
			);
			sourceTree = "<group>";
		};
		A1B2C3D4E5F60301000002 /* AbideJourney */ = {
			isa = PBXGroup;
			children = (
				A1B2C3D4E5F60101000080 /* AbideJourney.entitlements */,
				A1B2C3D4E5F60301000003 /* App */,
				A1B2C3D4E5F60301000004 /* Extensions */,
				A1B2C3D4E5F60301000005 /* Models */,
				A1B2C3D4E5F60301000006 /* Services */,
				A1B2C3D4E5F60301000007 /* ViewModels */,
				A1B2C3D4E5F60301000008 /* Views */,
				A1B2C3D4E5F60301000019 /* Resources */,
			);
			path = AbideJourney;
			sourceTree = "<group>";
		};
		A1B2C3D4E5F60301000003 /* App */ = {
			isa = PBXGroup;
			children = (
				A1B2C3D4E5F60101000001 /* AbideJourneyApp.swift */,
				A1B2C3D4E5F60101000002 /* MainTabView.swift */,
				A1B2C3D4E5F60101000003 /* RootView.swift */,
				A1B2C3D4E5F60101000113 /* Theme.swift */,
			);
			path = App;
			sourceTree = "<group>";
		};
		A1B2C3D4E5F60301000004 /* Extensions */ = {
			isa = PBXGroup;
			children = (
				A1B2C3D4E5F60101000004 /* Date+Extensions.swift */,
				A1B2C3D4E5F60101000005 /* View+Extensions.swift */,
			);
			path = Extensions;
			sourceTree = "<group>";
		};
		A1B2C3D4E5F60301000005 /* Models */ = {
			isa = PBXGroup;
			children = (
				A1B2C3D4E5F60101000090 /* AccountabilityPartner.swift */,
				A1B2C3D4E5F60101000006 /* DailyCheckIn.swift */,
				A1B2C3D4E5F60101000007 /* JournalEntry.swift */,
				A1B2C3D4E5F60101000008 /* Journey.swift */,
				A1B2C3D4E5F60101000009 /* JourneyDay.swift */,
				A1B2C3D4E5F60101000011 /* QuizResponse.swift */,
				A1B2C3D4E5F60101000012 /* UserProfile.swift */,
			);
			path = Models;
			sourceTree = "<group>";
		};
		A1B2C3D4E5F60301000006 /* Services */ = {
			isa = PBXGroup;
			children = (
				8C58E3FE2F8712B3003ACA3A /* CommunityService.swift */,
				8C58E3FC2F8709DB003ACA3A /* AudioNarrationService.swift */,
				8C58E3F02F86E423003ACA3A /* ChurchFinderService.swift */,
				8C58E3F12F86E423003ACA3A /* ReviewPromptService.swift */,
				8C58E3F22F86E423003ACA3A /* SeasonalJourneyService.swift */,
				A1B2C3D4E5F60101000050 /* AdaptiveJourneyService.swift */,
				A1B2C3D4E5F60101000111 /* AnalyticsService.swift */,
				A1B2C3D4E5F60101000051 /* AudioPlayerService.swift */,
				A1B2C3D4E5F60101000112 /* AuthService.swift */,
				A1B2C3D4E5F60101000013 /* ContentData.swift */,
				A1B2C3D4E5F60101000014 /* ContentLibrary.swift */,
				A1B2C3D4E5F60101000056 /* ContentThemes_Batch1.swift */,
				A1B2C3D4E5F60101000057 /* ContentThemes_Batch2.swift */,
				A1B2C3D4E5F60101000058 /* ContentThemes_Batch3.swift */,
				A1B2C3D4E5F60101000059 /* ContentThemes_Batch4.swift */,
				A1B2C3D4E5F60101000114 /* ContentExpansion_Prayer.swift */,
				A1B2C3D4E5F60101000115 /* ContentExpansion_Scripture.swift */,
				A1B2C3D4E5F60101000116 /* ContentExpansion_Obedience.swift */,
				A1B2C3D4E5F60101000117 /* ContentExpansion_Worship.swift */,
				A1B2C3D4E5F60101000118 /* ContentExpansion_Community.swift */,
				A1B2C3D4E5F60101000119 /* ContentExpansion_Evangelism.swift */,
				A1B2C3D4E5F60101000120 /* ContentExpansion_Service.swift */,
				A1B2C3D4E5F60101000121 /* ContentExpansion_Anxiety.swift */,
				A1B2C3D4E5F60101000122 /* ContentExpansion_Grief.swift */,
				A1B2C3D4E5F60101000123 /* ContentExpansion_Leadership.swift */,
				A1B2C3D4E5F60101000124 /* ContentExpansion_StartingOver.swift */,
				A1B2C3D4E5F60101000125 /* ContentExpansion_HealingRelationships.swift */,
				A1B2C3D4E5F60101000126 /* ContentExpansion_HearingGod.swift */,
				A1B2C3D4E5F60101000127 /* ContentExpansion_Peace.swift */,
				A1B2C3D4E5F60101000128 /* ContentExpansion_Doubt.swift */,
				A1B2C3D4E5F60101000129 /* ContentTheme_KnowingGod.swift */,
				A1B2C3D4E5F60101000130 /* ContentTheme_ObeyingGod.swift */,
				A1B2C3D4E5F60101000131 /* ContentTheme_SharingFaith.swift */,
				A1B2C3D4E5F60101000132 /* ContentTheme_BearingFruit.swift */,
				A1B2C3D4E5F60101000133 /* ContentTheme_SpiritualGrowth.swift */,
				A1B2C3D4E5F60101000016 /* JourneyGenerationService.swift */,
				A1B2C3D4E5F60101000017 /* LiveActivityService.swift */,
				A1B2C3D4E5F60101000018 /* NotificationService.swift */,
				A1B2C3D4E5F60101000020 /* StoreKitService.swift */,
				A1B2C3D4E5F60101000091 /* PDFExportService.swift */,
				A1B2C3D4E5F60101000021 /* StreakService.swift */,
				A1B2C3D4E5F60101000052 /* WidgetDataService.swift */,
				A1B2C3D4E5F60101000093 /* SpeechRecognitionService.swift */,
				A1B2C3D4E5F60101000094 /* TextToSpeechService.swift */,
				A1B2C3D4E5F60101000100 /* WatchSyncService.swift */,
				A1B2C3D4E5F60101000103 /* FaithReportService.swift */,
				A1B2C3D4E5F60101000134 /* AIJourneyService.swift */,
				A1B2C3D4E5F60101000135 /* DeepLinkService.swift */,
				A1B2C3D4E5F60101000140 /* ReferralService.swift */,
				A1B2C3D4E5F60101000144 /* AchievementService.swift */,
				A1B2C3D4E5F60101000146 /* PrayerWallService.swift */,
				A1B2C3D4E5F60101000148 /* GodMomentsService.swift */,
				A1B2C3D4E5F60101000152 /* TestimonyService.swift */,
			);
			path = Services;
			sourceTree = "<group>";
		};
		A1B2C3D4E5F60301000007 /* ViewModels */ = {
			isa = PBXGroup;
			children = (
				A1B2C3D4E5F60101000022 /* DailyExperienceViewModel.swift */,
				A1B2C3D4E5F60101000023 /* OnboardingViewModel.swift */,
				A1B2C3D4E5F60101000024 /* ProgressViewModel.swift */,
			);
			path = ViewModels;
			sourceTree = "<group>";
		};
		A1B2C3D4E5F60301000008 /* Views */ = {
			isa = PBXGroup;
			children = (
				8C58E4852F8778F9003ACA3A /* Discover */,
				A1B2C3D4E5F60301000009 /* Components */,
				A1B2C3D4E5F60301000010 /* DailyExperience */,
				A1B2C3D4E5F60301000015 /* DeepLink */,
				A1B2C3D4E5F60301000014 /* Milestones */,
				A1B2C3D4E5F60301000011 /* Onboarding */,
				A1B2C3D4E5F60301000012 /* Progress */,
				A1B2C3D4E5F60301000013 /* Settings */,
			);
			path = Views;
			sourceTree = "<group>";
		};
		A1B2C3D4E5F60301000009 /* Components */ = {
			isa = PBXGroup;
			children = (
				A1B2C3D4E5F60101000025 /* DevotionalLiveActivity.swift */,
				A1B2C3D4E5F60101000143 /* VerseCardEditorView.swift */,
			);
			path = Components;
			sourceTree = "<group>";
		};
		A1B2C3D4E5F60301000010 /* DailyExperience */ = {
			isa = PBXGroup;
			children = (
				8C58E3F62F86E435003ACA3A /* ListenModeView.swift */,
				8C58E3F72F86E435003ACA3A /* SeasonalJourneyViews.swift */,
				A1B2C3D4E5F60101000026 /* CheckInSheet.swift */,
				A1B2C3D4E5F60101000027 /* DailyExperienceView.swift */,
				A1B2C3D4E5F60101000028 /* JournalEntrySheet.swift */,
				A1B2C3D4E5F60101000053 /* JourneyCompletionView.swift */,
			);
			path = DailyExperience;
			sourceTree = "<group>";
		};
		A1B2C3D4E5F60301000011 /* Onboarding */ = {
			isa = PBXGroup;
			children = (
				A1B2C3D4E5F60101000030 /* OnboardingFlowView.swift */,
			);
			path = Onboarding;
			sourceTree = "<group>";
		};
		A1B2C3D4E5F60301000012 /* Progress */ = {
			isa = PBXGroup;
			children = (
				8C58E3FA2F86E447003ACA3A /* FindChurchView.swift */,
				A1B2C3D4E5F60101000031 /* JournalListView.swift */,
				A1B2C3D4E5F60101000032 /* ProgressDashboardView.swift */,
				A1B2C3D4E5F60101000102 /* FaithMapView.swift */,
				A1B2C3D4E5F60101000142 /* ScriptureMemoryView.swift */,
				A1B2C3D4E5F60101000145 /* AchievementsView.swift */,
				A1B2C3D4E5F60101000147 /* PrayerWallView.swift */,
				A1B2C3D4E5F60101000149 /* GodMomentsView.swift */,
				A1B2C3D4E5F60101000150 /* BreathingMeditationView.swift */,
				A1B2C3D4E5F60101000151 /* SanctuaryView.swift */,
				A1B2C3D4E5F60101000153 /* TestimonyWallView.swift */,
				A1B2C3D4E5F60101000155 /* FaithWrappedView.swift */,
			);
			path = Progress;
			sourceTree = "<group>";
		};
		A1B2C3D4E5F60301000013 /* Settings */ = {
			isa = PBXGroup;
			children = (
				A1B2C3D4E5F60101000033 /* PremiumPaywallView.swift */,
				A1B2C3D4E5F60101000034 /* SettingsView.swift */,
				A1B2C3D4E5F60101000054 /* AccountabilityView.swift */,
				A1B2C3D4E5F60101000055 /* NewJourneyView.swift */,
				A1B2C3D4E5F60101000104 /* FaithReportView.swift */,
				A1B2C3D4E5F60101000107 /* GiftJourneyView.swift */,
				A1B2C3D4E5F60101000108 /* CouplesJourneyView.swift */,
				A1B2C3D4E5F60101000109 /* DynamicJourneyView.swift */,
				A1B2C3D4E5F60101000141 /* ReferralView.swift */,
				A1B2C3D4E5F60101000154 /* FamilyJourneyView.swift */,
			);
			path = Settings;
			sourceTree = "<group>";
		};
		A1B2C3D4E5F60301000014 /* Milestones */ = {
			isa = PBXGroup;
			children = (
				A1B2C3D4E5F60101000101 /* MilestoneCelebrationView.swift */,
			);
			path = Milestones;
			sourceTree = "<group>";
		};
		A1B2C3D4E5F60301000015 /* DeepLink */ = {
			isa = PBXGroup;
			children = (
				A1B2C3D4E5F60101000136 /* AcceptCouplesInviteView.swift */,
				A1B2C3D4E5F60101000137 /* ClaimGiftJourneyView.swift */,
			);
			path = DeepLink;
			sourceTree = "<group>";
		};
		A1B2C3D4E5F60301000019 /* Resources */ = {
			isa = PBXGroup;
			children = (
				8C58E4872F87F5B0003ACA3A /* GoogleService-Info.plist */,
				A1B2C3D4E5F60101000035 /* Assets.xcassets */,
				A1B2C3D4E5F60101000036 /* Products.storekit */,
				A1B2C3D4E5F60101000037 /* Info.plist */,
				A1B2C3D4E5F60101000095 /* PrivacyInfo.xcprivacy */,
			);
			path = Resources;
			sourceTree = "<group>";
		};
		A1B2C3D4E5F60301000020 /* Frameworks */ = {
			isa = PBXGroup;
			children = (
				A1B2C3D4E5F60101000040 /* SwiftUI.framework */,
				A1B2C3D4E5F60101000041 /* SwiftData.framework */,
				A1B2C3D4E5F60101000042 /* StoreKit.framework */,
				A1B2C3D4E5F60101000043 /* HealthKit.framework */,
				A1B2C3D4E5F60101000044 /* ActivityKit.framework */,
				A1B2C3D4E5F60101000045 /* WidgetKit.framework */,
				A1B2C3D4E5F60101000046 /* UserNotifications.framework */,
				A1B2C3D4E5F60101000047 /* Charts.framework */,
				A1B2C3D4E5F60101000048 /* WatchConnectivity.framework */,
			);
			name = Frameworks;
			sourceTree = "<group>";
		};
		A1B2C3D4E5F60301000021 /* Products */ = {
			isa = PBXGroup;
			children = (
				A1B2C3D4E5F60101000038 /* AbideJourney.app */,
				A1B2C3D4E5F60101000062 /* AbideJourneyWatch.app */,
				A1B2C3D4E5F60101000071 /* AbideJourneyWidgets.appex */,
				8C58E5DC2F8CB625003ACA3A /* AbideJourneyClip.app */,
			);
			name = Products;
			sourceTree = "<group>";
		};
		A1B2C3D4E5F60301000030 /* AbideJourneyWatch */ = {
			isa = PBXGroup;
			children = (
				A1B2C3D4E5F60301000031 /* App */,
				A1B2C3D4E5F60301000033 /* Services */,
				A1B2C3D4E5F60301000032 /* Views */,
			);
			path = AbideJourneyWatch;
			sourceTree = "<group>";
		};
		A1B2C3D4E5F60301000031 /* App */ = {
			isa = PBXGroup;
			children = (
				A1B2C3D4E5F60101000060 /* AbideJourneyWatchApp.swift */,
			);
			path = App;
			sourceTree = "<group>";
		};
		A1B2C3D4E5F60301000032 /* Views */ = {
			isa = PBXGroup;
			children = (
				A1B2C3D4E5F60101000061 /* WatchHomeView.swift */,
			);
			path = Views;
			sourceTree = "<group>";
		};
		A1B2C3D4E5F60301000033 /* Services */ = {
			isa = PBXGroup;
			children = (
				A1B2C3D4E5F60101000110 /* WatchSyncReceiver.swift */,
			);
			path = Services;
			sourceTree = "<group>";
		};
		A1B2C3D4E5F60301000040 /* AbideJourneyWidgets */ = {
			isa = PBXGroup;
			children = (
				A1B2C3D4E5F60101000081 /* AbideJourneyWidgets.entitlements */,
				A1B2C3D4E5F60101000070 /* AbideJourneyWidgets.swift */,
			);
			path = AbideJourneyWidgets;
			sourceTree = "<group>";
		};
/* End PBXGroup section */

/* Begin PBXNativeTarget section */
		8C58E5DB2F8CB624003ACA3A /* AbideJourneyClip */ = {
			isa = PBXNativeTarget;
			buildConfigurationList = 8C58E5EC2F8CB627003ACA3A /* Build configuration list for PBXNativeTarget "AbideJourneyClip" */;
			buildPhases = (
				8C58E5D82F8CB624003ACA3A /* Sources */,
				8C58E5D92F8CB624003ACA3A /* Frameworks */,
				8C58E5DA2F8CB624003ACA3A /* Resources */,
			);
			buildRules = (
			);
			dependencies = (
			);
			fileSystemSynchronizedGroups = (
				8C58E5DD2F8CB625003ACA3A /* AbideJourneyClip */,
			);
			name = AbideJourneyClip;
			packageProductDependencies = (
			);
			productName = AbideJourneyClip;
			productReference = 8C58E5DC2F8CB625003ACA3A /* AbideJourneyClip.app */;
			productType = "com.apple.product-type.application.on-demand-install-capable";
		};
		A1B2C3D4E5F60401000001 /* AbideJourney */ = {
			isa = PBXNativeTarget;
			buildConfigurationList = A1B2C3D4E5F60601000001 /* Build configuration list for PBXNativeTarget "AbideJourney" */;
			buildPhases = (
				A1B2C3D4E5F60201000002 /* Sources */,
				A1B2C3D4E5F60201000001 /* Frameworks */,
				A1B2C3D4E5F60201000003 /* Resources */,
				8C58E5EF2F8CB627003ACA3A /* Embed App Clips */,
			);
			buildRules = (
			);
			dependencies = (
				8C58E5E92F8CB627003ACA3A /* PBXTargetDependency */,
			);
			name = AbideJourney;
			productName = AbideJourney;
			productReference = A1B2C3D4E5F60101000038 /* AbideJourney.app */;
			productType = "com.apple.product-type.application";
		};
		A1B2C3D4E5F60401000002 /* AbideJourneyWatch */ = {
			isa = PBXNativeTarget;
			buildConfigurationList = A1B2C3D4E5F60601000003 /* Build configuration list for PBXNativeTarget "AbideJourneyWatch" */;
			buildPhases = (
				A1B2C3D4E5F60201000010 /* Sources */,
				A1B2C3D4E5F60201000011 /* Frameworks */,
				A1B2C3D4E5F60201000012 /* Resources */,
			);
			buildRules = (
			);
			dependencies = (
			);
			name = AbideJourneyWatch;
			productName = AbideJourneyWatch;
			productReference = A1B2C3D4E5F60101000062 /* AbideJourneyWatch.app */;
			productType = "com.apple.product-type.application";
		};
		A1B2C3D4E5F60401000003 /* AbideJourneyWidgets */ = {
			isa = PBXNativeTarget;
			buildConfigurationList = A1B2C3D4E5F60601000004 /* Build configuration list for PBXNativeTarget "AbideJourneyWidgets" */;
			buildPhases = (
				A1B2C3D4E5F60201000020 /* Sources */,
				A1B2C3D4E5F60201000021 /* Frameworks */,
				A1B2C3D4E5F60201000022 /* Resources */,
			);
			buildRules = (
			);
			dependencies = (
			);
			name = AbideJourneyWidgets;
			productName = AbideJourneyWidgets;
			productReference = A1B2C3D4E5F60101000071 /* AbideJourneyWidgets.appex */;
			productType = "com.apple.product-type.app-extension";
		};
/* End PBXNativeTarget section */

/* Begin PBXProject section */
		A1B2C3D4E5F60501000001 /* Project object */ = {
			isa = PBXProject;
			attributes = {
				BuildIndependentTargetsInParallel = 1;
				LastSwiftUpdateCheck = 2630;
				LastUpgradeCheck = 2630;
				TargetAttributes = {
					8C58E5DB2F8CB624003ACA3A = {
						CreatedOnToolsVersion = 26.3;
					};
					A1B2C3D4E5F60401000001 = {
						CreatedOnToolsVersion = 15.0;
					};
				};
			};
			buildConfigurationList = A1B2C3D4E5F60601000002 /* Build configuration list for PBXProject "AbideJourney" */;
			compatibilityVersion = "Xcode 14.0";
			developmentRegion = en;
			hasScannedForEncodings = 0;
			knownRegions = (
				en,
				Base,
			);
			mainGroup = A1B2C3D4E5F60301000001;
			packageReferences = (
				8C58E48A2F87F8C4003ACA3A /* XCRemoteSwiftPackageReference "SwiftSDK" */,
			);
			productRefGroup = A1B2C3D4E5F60301000021 /* Products */;
			projectDirPath = "";
			projectRoot = "";
			targets = (
				A1B2C3D4E5F60401000001 /* AbideJourney */,
				A1B2C3D4E5F60401000002 /* AbideJourneyWatch */,
				A1B2C3D4E5F60401000003 /* AbideJourneyWidgets */,
				8C58E5DB2F8CB624003ACA3A /* AbideJourneyClip */,
			);
		};
/* End PBXProject section */

/* Begin PBXResourcesBuildPhase section */
		8C58E5DA2F8CB624003ACA3A /* Resources */ = {
			isa = PBXResourcesBuildPhase;
			buildActionMask = 2147483647;
			files = (
			);
			runOnlyForDeploymentPostprocessing = 0;
		};
		A1B2C3D4E5F60201000003 /* Resources */ = {
			isa = PBXResourcesBuildPhase;
			buildActionMask = 2147483647;
			files = (
				A1B2C3D4E5F60001000035 /* Assets.xcassets in Resources */,
				A1B2C3D4E5F60001000095 /* PrivacyInfo.xcprivacy in Resources */,
				8C58E4882F87F5B0003ACA3A /* GoogleService-Info.plist in Resources */,
			);
			runOnlyForDeploymentPostprocessing = 0;
		};
		A1B2C3D4E5F60201000012 /* Resources */ = {
			isa = PBXResourcesBuildPhase;
			buildActionMask = 2147483647;
			files = (
			);
			runOnlyForDeploymentPostprocessing = 0;
		};
		A1B2C3D4E5F60201000022 /* Resources */ = {
			isa = PBXResourcesBuildPhase;
			buildActionMask = 2147483647;
			files = (
			);
			runOnlyForDeploymentPostprocessing = 0;
		};
/* End PBXResourcesBuildPhase section */

/* Begin PBXSourcesBuildPhase section */
		8C58E5D82F8CB624003ACA3A /* Sources */ = {
			isa = PBXSourcesBuildPhase;
			buildActionMask = 2147483647;
			files = (
			);
			runOnlyForDeploymentPostprocessing = 0;
		};
		A1B2C3D4E5F60201000002 /* Sources */ = {
			isa = PBXSourcesBuildPhase;
			buildActionMask = 2147483647;
			files = (
				8C58E3FD2F8709DB003ACA3A /* AudioNarrationService.swift in Sources */,
				A1B2C3D4E5F60001000001 /* AbideJourneyApp.swift in Sources */,
				A1B2C3D4E5F60001000002 /* MainTabView.swift in Sources */,
				A1B2C3D4E5F60001000003 /* RootView.swift in Sources */,
				A1B2C3D4E5F60001000004 /* Date+Extensions.swift in Sources */,
				A1B2C3D4E5F60001000005 /* View+Extensions.swift in Sources */,
				A1B2C3D4E5F60001000006 /* DailyCheckIn.swift in Sources */,
				8C58E3FB2F86E447003ACA3A /* FindChurchView.swift in Sources */,
				A1B2C3D4E5F60001000007 /* JournalEntry.swift in Sources */,
				A1B2C3D4E5F60001000008 /* Journey.swift in Sources */,
				A1B2C3D4E5F60001000009 /* JourneyDay.swift in Sources */,
				A1B2C3D4E5F60001000011 /* QuizResponse.swift in Sources */,
				A1B2C3D4E5F60001000012 /* UserProfile.swift in Sources */,
				A1B2C3D4E5F60001000013 /* ContentData.swift in Sources */,
				A1B2C3D4E5F60001000014 /* ContentLibrary.swift in Sources */,
				A1B2C3D4E5F60001000016 /* JourneyGenerationService.swift in Sources */,
				A1B2C3D4E5F60001000017 /* LiveActivityService.swift in Sources */,
				A1B2C3D4E5F60001000018 /* NotificationService.swift in Sources */,
				A1B2C3D4E5F60001000020 /* StoreKitService.swift in Sources */,
				A1B2C3D4E5F60001000021 /* StreakService.swift in Sources */,
				A1B2C3D4E5F60001000022 /* DailyExperienceViewModel.swift in Sources */,
				A1B2C3D4E5F60001000023 /* OnboardingViewModel.swift in Sources */,
				A1B2C3D4E5F60001000024 /* ProgressViewModel.swift in Sources */,
				A1B2C3D4E5F60001000025 /* DevotionalLiveActivity.swift in Sources */,
				A1B2C3D4E5F60001000026 /* CheckInSheet.swift in Sources */,
				A1B2C3D4E5F60001000027 /* DailyExperienceView.swift in Sources */,
				A1B2C3D4E5F60001000028 /* JournalEntrySheet.swift in Sources */,
				A1B2C3D4E5F60001000030 /* OnboardingFlowView.swift in Sources */,
				A1B2C3D4E5F60001000031 /* JournalListView.swift in Sources */,
				A1B2C3D4E5F60001000032 /* ProgressDashboardView.swift in Sources */,
				A1B2C3D4E5F60001000033 /* PremiumPaywallView.swift in Sources */,
				8C58E3F32F86E423003ACA3A /* SeasonalJourneyService.swift in Sources */,
				8C58E4862F8778F9003ACA3A /* DiscoverView.swift in Sources */,
				8C58E3F42F86E423003ACA3A /* ChurchFinderService.swift in Sources */,
				8C58E3F52F86E423003ACA3A /* ReviewPromptService.swift in Sources */,
				A1B2C3D4E5F60001000034 /* SettingsView.swift in Sources */,
				A1B2C3D4E5F60001000090 /* AccountabilityPartner.swift in Sources */,
				A1B2C3D4E5F60001000091 /* PDFExportService.swift in Sources */,
				A1B2C3D4E5F60001000054 /* AccountabilityView.swift in Sources */,
				A1B2C3D4E5F60001000055 /* NewJourneyView.swift in Sources */,
				A1B2C3D4E5F60001000050 /* AdaptiveJourneyService.swift in Sources */,
				A1B2C3D4E5F60001000051 /* AudioPlayerService.swift in Sources */,
				A1B2C3D4E5F60001000052 /* WidgetDataService.swift in Sources */,
				A1B2C3D4E5F60001000093 /* SpeechRecognitionService.swift in Sources */,
				A1B2C3D4E5F60001000094 /* TextToSpeechService.swift in Sources */,
				A1B2C3D4E5F60001000053 /* JourneyCompletionView.swift in Sources */,
				A1B2C3D4E5F60001000056 /* ContentThemes_Batch1.swift in Sources */,
				A1B2C3D4E5F60001000057 /* ContentThemes_Batch2.swift in Sources */,
				8C58E3FF2F8712B3003ACA3A /* CommunityService.swift in Sources */,
				A1B2C3D4E5F60001000058 /* ContentThemes_Batch3.swift in Sources */,
				A1B2C3D4E5F60001000059 /* ContentThemes_Batch4.swift in Sources */,
				A1B2C3D4E5F60001000100 /* WatchSyncService.swift in Sources */,
				A1B2C3D4E5F60001000101 /* MilestoneCelebrationView.swift in Sources */,
				A1B2C3D4E5F60001000102 /* FaithMapView.swift in Sources */,
				A1B2C3D4E5F60001000103 /* FaithReportService.swift in Sources */,
				A1B2C3D4E5F60001000104 /* FaithReportView.swift in Sources */,
				A1B2C3D4E5F60001000107 /* GiftJourneyView.swift in Sources */,
				A1B2C3D4E5F60001000108 /* CouplesJourneyView.swift in Sources */,
				A1B2C3D4E5F60001000109 /* DynamicJourneyView.swift in Sources */,
				A1B2C3D4E5F60001000111 /* AnalyticsService.swift in Sources */,
				A1B2C3D4E5F60001000112 /* AuthService.swift in Sources */,
				A1B2C3D4E5F60001000113 /* Theme.swift in Sources */,
				A1B2C3D4E5F60001000114 /* ContentExpansion_Prayer.swift in Sources */,
				A1B2C3D4E5F60001000115 /* ContentExpansion_Scripture.swift in Sources */,
				A1B2C3D4E5F60001000116 /* ContentExpansion_Obedience.swift in Sources */,
				A1B2C3D4E5F60001000117 /* ContentExpansion_Worship.swift in Sources */,
				A1B2C3D4E5F60001000118 /* ContentExpansion_Community.swift in Sources */,
				A1B2C3D4E5F60001000119 /* ContentExpansion_Evangelism.swift in Sources */,
				A1B2C3D4E5F60001000120 /* ContentExpansion_Service.swift in Sources */,
				A1B2C3D4E5F60001000121 /* ContentExpansion_Anxiety.swift in Sources */,
				A1B2C3D4E5F60001000122 /* ContentExpansion_Grief.swift in Sources */,
				8C58E3F82F86E435003ACA3A /* SeasonalJourneyViews.swift in Sources */,
				8C58E3F92F86E435003ACA3A /* ListenModeView.swift in Sources */,
				A1B2C3D4E5F60001000123 /* ContentExpansion_Leadership.swift in Sources */,
				A1B2C3D4E5F60001000124 /* ContentExpansion_StartingOver.swift in Sources */,
				A1B2C3D4E5F60001000125 /* ContentExpansion_HealingRelationships.swift in Sources */,
				A1B2C3D4E5F60001000126 /* ContentExpansion_HearingGod.swift in Sources */,
				A1B2C3D4E5F60001000127 /* ContentExpansion_Peace.swift in Sources */,
				A1B2C3D4E5F60001000128 /* ContentExpansion_Doubt.swift in Sources */,
				A1B2C3D4E5F60001000129 /* ContentTheme_KnowingGod.swift in Sources */,
				A1B2C3D4E5F60001000130 /* ContentTheme_ObeyingGod.swift in Sources */,
				A1B2C3D4E5F60001000131 /* ContentTheme_SharingFaith.swift in Sources */,
				A1B2C3D4E5F60001000132 /* ContentTheme_BearingFruit.swift in Sources */,
				A1B2C3D4E5F60001000133 /* ContentTheme_SpiritualGrowth.swift in Sources */,
				A1B2C3D4E5F60001000134 /* AIJourneyService.swift in Sources */,
				A1B2C3D4E5F60001000135 /* DeepLinkService.swift in Sources */,
				A1B2C3D4E5F60001000136 /* AcceptCouplesInviteView.swift in Sources */,
				A1B2C3D4E5F60001000137 /* ClaimGiftJourneyView.swift in Sources */,
				A1B2C3D4E5F60001000140 /* ReferralService.swift in Sources */,
				A1B2C3D4E5F60001000141 /* ReferralView.swift in Sources */,
				A1B2C3D4E5F60001000142 /* ScriptureMemoryView.swift in Sources */,
				A1B2C3D4E5F60001000143 /* VerseCardEditorView.swift in Sources */,
				A1B2C3D4E5F60001000144 /* AchievementService.swift in Sources */,
				A1B2C3D4E5F60001000145 /* AchievementsView.swift in Sources */,
				A1B2C3D4E5F60001000146 /* PrayerWallService.swift in Sources */,
				A1B2C3D4E5F60001000147 /* PrayerWallView.swift in Sources */,
				A1B2C3D4E5F60001000148 /* GodMomentsService.swift in Sources */,
				A1B2C3D4E5F60001000149 /* GodMomentsView.swift in Sources */,
				A1B2C3D4E5F60001000150 /* BreathingMeditationView.swift in Sources */,
				A1B2C3D4E5F60001000151 /* SanctuaryView.swift in Sources */,
				A1B2C3D4E5F60001000152 /* TestimonyService.swift in Sources */,
				A1B2C3D4E5F60001000153 /* TestimonyWallView.swift in Sources */,
				A1B2C3D4E5F60001000154 /* FamilyJourneyView.swift in Sources */,
				A1B2C3D4E5F60001000155 /* FaithWrappedView.swift in Sources */,
				A1B2C3D4E5F60001000138 /* Localizable.strings in Sources */,
			);
			runOnlyForDeploymentPostprocessing = 0;
		};
		A1B2C3D4E5F60201000010 /* Sources */ = {
			isa = PBXSourcesBuildPhase;
			buildActionMask = 2147483647;
			files = (
				A1B2C3D4E5F60001000060 /* AbideJourneyWatchApp.swift in Sources */,
				A1B2C3D4E5F60001000061 /* WatchHomeView.swift in Sources */,
				A1B2C3D4E5F60001000110 /* WatchSyncReceiver.swift in Sources */,
			);
			runOnlyForDeploymentPostprocessing = 0;
		};
		A1B2C3D4E5F60201000020 /* Sources */ = {
			isa = PBXSourcesBuildPhase;
			buildActionMask = 2147483647;
			files = (
				A1B2C3D4E5F60001000070 /* AbideJourneyWidgets.swift in Sources */,
			);
			runOnlyForDeploymentPostprocessing = 0;
		};
/* End PBXSourcesBuildPhase section */

/* Begin PBXTargetDependency section */
		8C58E5E92F8CB627003ACA3A /* PBXTargetDependency */ = {
			isa = PBXTargetDependency;
			target = 8C58E5DB2F8CB624003ACA3A /* AbideJourneyClip */;
			targetProxy = 8C58E5E82F8CB627003ACA3A /* PBXContainerItemProxy */;
		};
/* End PBXTargetDependency section */

/* Begin XCBuildConfiguration section */
		8C58E5ED2F8CB627003ACA3A /* Debug */ = {
			isa = XCBuildConfiguration;
			buildSettings = {
				ASSETCATALOG_COMPILER_APPICON_NAME = AppIcon;
				ASSETCATALOG_COMPILER_GLOBAL_ACCENT_COLOR_NAME = AccentColor;
				CODE_SIGN_ENTITLEMENTS = AbideJourneyClip/AbideJourneyClip.entitlements;
				CODE_SIGN_STYLE = Automatic;
				CURRENT_PROJECT_VERSION = 10;
				DEVELOPMENT_TEAM = KLSZXFN257;
				ENABLE_PREVIEWS = YES;
				GENERATE_INFOPLIST_FILE = YES;
				INFOPLIST_FILE = AbideJourneyClip/Info.plist;
				INFOPLIST_KEY_CFBundleDisplayName = AbideJourney;
				INFOPLIST_KEY_UIApplicationSceneManifest_Generation = YES;
				INFOPLIST_KEY_UIApplicationSupportsIndirectInputEvents = YES;
				INFOPLIST_KEY_UILaunchScreen_Generation = YES;
				INFOPLIST_KEY_UISupportedInterfaceOrientations_iPad = "UIInterfaceOrientationPortrait UIInterfaceOrientationPortraitUpsideDown UIInterfaceOrientationLandscapeLeft UIInterfaceOrientationLandscapeRight";
				INFOPLIST_KEY_UISupportedInterfaceOrientations_iPhone = "UIInterfaceOrientationPortrait UIInterfaceOrientationLandscapeLeft UIInterfaceOrientationLandscapeRight";
				IPHONEOS_DEPLOYMENT_TARGET = 17.6;
				LD_RUNPATH_SEARCH_PATHS = (
					"$(inherited)",
					"@executable_path/Frameworks",
				);
				MARKETING_VERSION = 1.4.2;
				PRODUCT_BUNDLE_IDENTIFIER = com.abidejourney.app.Clip;
				PRODUCT_NAME = "$(TARGET_NAME)";
				STRING_CATALOG_GENERATE_SYMBOLS = YES;
				SWIFT_APPROACHABLE_CONCURRENCY = YES;
				SWIFT_DEFAULT_ACTOR_ISOLATION = MainActor;
				SWIFT_EMIT_LOC_STRINGS = YES;
				SWIFT_UPCOMING_FEATURE_MEMBER_IMPORT_VISIBILITY = YES;
				SWIFT_VERSION = 5.0;
				TARGETED_DEVICE_FAMILY = "1,2";
			};
			name = Debug;
		};
		8C58E5EE2F8CB627003ACA3A /* Release */ = {
			isa = XCBuildConfiguration;
			buildSettings = {
				ASSETCATALOG_COMPILER_APPICON_NAME = AppIcon;
				ASSETCATALOG_COMPILER_GLOBAL_ACCENT_COLOR_NAME = AccentColor;
				CODE_SIGN_ENTITLEMENTS = AbideJourneyClip/AbideJourneyClip.entitlements;
				CODE_SIGN_STYLE = Automatic;
				CURRENT_PROJECT_VERSION = 10;
				DEVELOPMENT_TEAM = KLSZXFN257;
				ENABLE_PREVIEWS = YES;
				GENERATE_INFOPLIST_FILE = YES;
				INFOPLIST_FILE = AbideJourneyClip/Info.plist;
				INFOPLIST_KEY_CFBundleDisplayName = AbideJourney;
				INFOPLIST_KEY_UIApplicationSceneManifest_Generation = YES;
				INFOPLIST_KEY_UIApplicationSupportsIndirectInputEvents = YES;
				INFOPLIST_KEY_UILaunchScreen_Generation = YES;
				INFOPLIST_KEY_UISupportedInterfaceOrientations_iPad = "UIInterfaceOrientationPortrait UIInterfaceOrientationPortraitUpsideDown UIInterfaceOrientationLandscapeLeft UIInterfaceOrientationLandscapeRight";
				INFOPLIST_KEY_UISupportedInterfaceOrientations_iPhone = "UIInterfaceOrientationPortrait UIInterfaceOrientationLandscapeLeft UIInterfaceOrientationLandscapeRight";
				IPHONEOS_DEPLOYMENT_TARGET = 17.6;
				LD_RUNPATH_SEARCH_PATHS = (
					"$(inherited)",
					"@executable_path/Frameworks",
				);
				MARKETING_VERSION = 1.4.2;
				PRODUCT_BUNDLE_IDENTIFIER = com.abidejourney.app.Clip;
				PRODUCT_NAME = "$(TARGET_NAME)";
				STRING_CATALOG_GENERATE_SYMBOLS = YES;
				SWIFT_APPROACHABLE_CONCURRENCY = YES;
				SWIFT_DEFAULT_ACTOR_ISOLATION = MainActor;
				SWIFT_EMIT_LOC_STRINGS = YES;
				SWIFT_UPCOMING_FEATURE_MEMBER_IMPORT_VISIBILITY = YES;
				SWIFT_VERSION = 5.0;
				TARGETED_DEVICE_FAMILY = "1,2";
			};
			name = Release;
		};
		A1B2C3D4E5F60701000001 /* Debug */ = {
			isa = XCBuildConfiguration;
			buildSettings = {
				ALWAYS_SEARCH_USER_PATHS = NO;
				ASSETCATALOG_COMPILER_GENERATE_SWIFT_ASSET_SYMBOL_EXTENSIONS = YES;
				CLANG_ANALYZER_NONNULL = YES;
				CLANG_ANALYZER_NUMBER_OBJECT_CONVERSION = YES_AGGRESSIVE;
				CLANG_CXX_LANGUAGE_STANDARD = "gnu++20";
				CLANG_ENABLE_MODULES = YES;
				CLANG_ENABLE_OBJC_ARC = YES;
				CLANG_ENABLE_OBJC_WEAK = YES;
				CLANG_WARN_BLOCK_CAPTURE_AUTORELEASING = YES;
				CLANG_WARN_BOOL_CONVERSION = YES;
				CLANG_WARN_COMMA = YES;
				CLANG_WARN_CONSTANT_CONVERSION = YES;
				CLANG_WARN_DEPRECATED_OBJC_IMPLEMENTATIONS = YES;
				CLANG_WARN_DIRECT_OBJC_ISA_USAGE = YES_ERROR;
				CLANG_WARN_DOCUMENTATION_COMMENTS = YES;
				CLANG_WARN_EMPTY_BODY = YES;
				CLANG_WARN_ENUM_CONVERSION = YES;
				CLANG_WARN_INFINITE_RECURSION = YES;
				CLANG_WARN_INT_CONVERSION = YES;
				CLANG_WARN_NON_LITERAL_NULL_CONVERSION = YES;
				CLANG_WARN_OBJC_IMPLICIT_RETAIN_SELF = YES;
				CLANG_WARN_OBJC_LITERAL_CONVERSION = YES;
				CLANG_WARN_OBJC_ROOT_CLASS = YES_ERROR;
				CLANG_WARN_QUOTED_INCLUDE_IN_FRAMEWORK_HEADER = YES;
				CLANG_WARN_RANGE_LOOP_ANALYSIS = YES;
				CLANG_WARN_STRICT_PROTOTYPES = YES;
				CLANG_WARN_SUSPICIOUS_MOVE = YES;
				CLANG_WARN_UNGUARDED_AVAILABILITY = YES_AGGRESSIVE;
				CLANG_WARN_UNREACHABLE_CODE = YES;
				CLANG_WARN__DUPLICATE_METHOD_MATCH = YES;
				COPY_PHASE_STRIP = NO;
				DEBUG_INFORMATION_FORMAT = dwarf;
				ENABLE_STRICT_OBJC_MSGSEND = YES;
				ENABLE_TESTABILITY = YES;
				ENABLE_USER_SCRIPT_SANDBOXING = YES;
				GCC_C_LANGUAGE_STANDARD = gnu17;
				GCC_DYNAMIC_NO_PIC = NO;
				GCC_NO_COMMON_BLOCKS = YES;
				GCC_OPTIMIZATION_LEVEL = 0;
				GCC_PREPROCESSOR_DEFINITIONS = (
					"DEBUG=1",
					"$(inherited)",
				);
				GCC_WARN_64_TO_32_BIT_CONVERSION = YES;
				GCC_WARN_ABOUT_RETURN_TYPE = YES_ERROR;
				GCC_WARN_UNDECLARED_SELECTOR = YES;
				GCC_WARN_UNINITIALIZED_AUTOS = YES_AGGRESSIVE;
				GCC_WARN_UNUSED_FUNCTION = YES;
				GCC_WARN_UNUSED_VARIABLE = YES;
				IPHONEOS_DEPLOYMENT_TARGET = 17.0;
				LOCALIZATION_PREFERS_STRING_CATALOGS = YES;
				MTL_ENABLE_DEBUG_INFO = INCLUDE_SOURCE;
				MTL_FAST_MATH = YES;
				ONLY_ACTIVE_ARCH = YES;
				SDKROOT = iphoneos;
				STRING_CATALOG_GENERATE_SYMBOLS = YES;
				SWIFT_ACTIVE_COMPILATION_CONDITIONS = "DEBUG $(inherited)";
				SWIFT_OPTIMIZATION_LEVEL = "-Onone";
			};
			name = Debug;
		};
		A1B2C3D4E5F60701000002 /* Release */ = {
			isa = XCBuildConfiguration;
			buildSettings = {
				ALWAYS_SEARCH_USER_PATHS = NO;
				ASSETCATALOG_COMPILER_GENERATE_SWIFT_ASSET_SYMBOL_EXTENSIONS = YES;
				CLANG_ANALYZER_NONNULL = YES;
				CLANG_ANALYZER_NUMBER_OBJECT_CONVERSION = YES_AGGRESSIVE;
				CLANG_CXX_LANGUAGE_STANDARD = "gnu++20";
				CLANG_ENABLE_MODULES = YES;
				CLANG_ENABLE_OBJC_ARC = YES;
				CLANG_ENABLE_OBJC_WEAK = YES;
				CLANG_WARN_BLOCK_CAPTURE_AUTORELEASING = YES;
				CLANG_WARN_BOOL_CONVERSION = YES;
				CLANG_WARN_COMMA = YES;
				CLANG_WARN_CONSTANT_CONVERSION = YES;
				CLANG_WARN_DEPRECATED_OBJC_IMPLEMENTATIONS = YES;
				CLANG_WARN_DIRECT_OBJC_ISA_USAGE = YES_ERROR;
				CLANG_WARN_DOCUMENTATION_COMMENTS = YES;
				CLANG_WARN_EMPTY_BODY = YES;
				CLANG_WARN_ENUM_CONVERSION = YES;
				CLANG_WARN_INFINITE_RECURSION = YES;
				CLANG_WARN_INT_CONVERSION = YES;
				CLANG_WARN_NON_LITERAL_NULL_CONVERSION = YES;
				CLANG_WARN_OBJC_IMPLICIT_RETAIN_SELF = YES;
				CLANG_WARN_OBJC_LITERAL_CONVERSION = YES;
				CLANG_WARN_OBJC_ROOT_CLASS = YES_ERROR;
				CLANG_WARN_QUOTED_INCLUDE_IN_FRAMEWORK_HEADER = YES;
				CLANG_WARN_RANGE_LOOP_ANALYSIS = YES;
				CLANG_WARN_STRICT_PROTOTYPES = YES;
				CLANG_WARN_SUSPICIOUS_MOVE = YES;
				CLANG_WARN_UNGUARDED_AVAILABILITY = YES_AGGRESSIVE;
				CLANG_WARN_UNREACHABLE_CODE = YES;
				CLANG_WARN__DUPLICATE_METHOD_MATCH = YES;
				COPY_PHASE_STRIP = NO;
				DEBUG_INFORMATION_FORMAT = "dwarf-with-dsym";
				ENABLE_NS_ASSERTIONS = NO;
				ENABLE_STRICT_OBJC_MSGSEND = YES;
				ENABLE_USER_SCRIPT_SANDBOXING = YES;
				GCC_C_LANGUAGE_STANDARD = gnu17;
				GCC_NO_COMMON_BLOCKS = YES;
				GCC_WARN_64_TO_32_BIT_CONVERSION = YES;
				GCC_WARN_ABOUT_RETURN_TYPE = YES_ERROR;
				GCC_WARN_UNDECLARED_SELECTOR = YES;
				GCC_WARN_UNINITIALIZED_AUTOS = YES_AGGRESSIVE;
				GCC_WARN_UNUSED_FUNCTION = YES;
				GCC_WARN_UNUSED_VARIABLE = YES;
				IPHONEOS_DEPLOYMENT_TARGET = 17.0;
				LOCALIZATION_PREFERS_STRING_CATALOGS = YES;
				MTL_ENABLE_DEBUG_INFO = NO;
				MTL_FAST_MATH = YES;
				SDKROOT = iphoneos;
				STRING_CATALOG_GENERATE_SYMBOLS = YES;
				SWIFT_COMPILATION_MODE = wholemodule;
				VALIDATE_PRODUCT = YES;
			};
			name = Release;
		};
		A1B2C3D4E5F60701000003 /* Debug */ = {
			isa = XCBuildConfiguration;
			baseConfigurationReference = 8C58E4892F87F799003ACA3A /* Secrets.xcconfig */;
			buildSettings = {
				ASSETCATALOG_COMPILER_APPICON_NAME = AppIcon;
				ASSETCATALOG_COMPILER_GLOBAL_ACCENT_COLOR_NAME = AccentColor;
				CODE_SIGN_ENTITLEMENTS = AbideJourney/AbideJourney.entitlements;
				CODE_SIGN_STYLE = Automatic;
				CURRENT_PROJECT_VERSION = 10;
				DEVELOPMENT_ASSET_PATHS = "";
				DEVELOPMENT_TEAM = KLSZXFN257;
				ENABLE_PREVIEWS = YES;
				GENERATE_INFOPLIST_FILE = YES;
				INFOPLIST_FILE = AbideJourney/Resources/Info.plist;
				INFOPLIST_KEY_CFBundleDisplayName = AbideJourney;
				INFOPLIST_KEY_LSApplicationCategoryType = "public.app-category.lifestyle";
				INFOPLIST_KEY_UIApplicationSceneManifest_Generation = YES;
				INFOPLIST_KEY_UIApplicationSupportsIndirectInputEvents = YES;
				INFOPLIST_KEY_UILaunchScreen_Generation = YES;
				INFOPLIST_KEY_UISupportedInterfaceOrientations_iPad = "UIInterfaceOrientationPortrait UIInterfaceOrientationPortraitUpsideDown UIInterfaceOrientationLandscapeLeft UIInterfaceOrientationLandscapeRight";
				INFOPLIST_KEY_UISupportedInterfaceOrientations_iPhone = "UIInterfaceOrientationPortrait UIInterfaceOrientationLandscapeLeft UIInterfaceOrientationLandscapeRight";
				LD_RUNPATH_SEARCH_PATHS = (
					"$(inherited)",
					"@executable_path/Frameworks",
				);
				MARKETING_VERSION = 1.4.2;
				PRODUCT_BUNDLE_IDENTIFIER = com.abidejourney.app;
				PRODUCT_NAME = "$(TARGET_NAME)";
				SUPPORTED_PLATFORMS = "iphoneos iphonesimulator";
				SUPPORTS_MACCATALYST = NO;
				SWIFT_EMIT_LOC_STRINGS = YES;
				SWIFT_VERSION = 5.0;
				TARGETED_DEVICE_FAMILY = "1,2";
			};
			name = Debug;
		};
		A1B2C3D4E5F60701000004 /* Release */ = {
			isa = XCBuildConfiguration;
			baseConfigurationReference = 8C58E4892F87F799003ACA3A /* Secrets.xcconfig */;
			buildSettings = {
				ASSETCATALOG_COMPILER_APPICON_NAME = AppIcon;
				ASSETCATALOG_COMPILER_GLOBAL_ACCENT_COLOR_NAME = AccentColor;
				CODE_SIGN_ENTITLEMENTS = AbideJourney/AbideJourney.entitlements;
				CODE_SIGN_STYLE = Automatic;
				CURRENT_PROJECT_VERSION = 10;
				DEVELOPMENT_ASSET_PATHS = "";
				DEVELOPMENT_TEAM = KLSZXFN257;
				ENABLE_PREVIEWS = YES;
				GENERATE_INFOPLIST_FILE = YES;
				INFOPLIST_FILE = AbideJourney/Resources/Info.plist;
				INFOPLIST_KEY_CFBundleDisplayName = AbideJourney;
				INFOPLIST_KEY_LSApplicationCategoryType = "public.app-category.lifestyle";
				INFOPLIST_KEY_UIApplicationSceneManifest_Generation = YES;
				INFOPLIST_KEY_UIApplicationSupportsIndirectInputEvents = YES;
				INFOPLIST_KEY_UILaunchScreen_Generation = YES;
				INFOPLIST_KEY_UISupportedInterfaceOrientations_iPad = "UIInterfaceOrientationPortrait UIInterfaceOrientationPortraitUpsideDown UIInterfaceOrientationLandscapeLeft UIInterfaceOrientationLandscapeRight";
				INFOPLIST_KEY_UISupportedInterfaceOrientations_iPhone = "UIInterfaceOrientationPortrait UIInterfaceOrientationLandscapeLeft UIInterfaceOrientationLandscapeRight";
				LD_RUNPATH_SEARCH_PATHS = (
					"$(inherited)",
					"@executable_path/Frameworks",
				);
				MARKETING_VERSION = 1.4.2;
				PRODUCT_BUNDLE_IDENTIFIER = com.abidejourney.app;
				PRODUCT_NAME = "$(TARGET_NAME)";
				SUPPORTED_PLATFORMS = "iphoneos iphonesimulator";
				SUPPORTS_MACCATALYST = NO;
				SWIFT_EMIT_LOC_STRINGS = YES;
				SWIFT_VERSION = 5.0;
				TARGETED_DEVICE_FAMILY = "1,2";
			};
			name = Release;
		};
		A1B2C3D4E5F60701000005 /* Debug */ = {
			isa = XCBuildConfiguration;
			buildSettings = {
				ASSETCATALOG_COMPILER_APPICON_NAME = AppIcon;
				CODE_SIGN_STYLE = Automatic;
				CURRENT_PROJECT_VERSION = 10;
				DEVELOPMENT_TEAM = KLSZXFN257;
				ENABLE_PREVIEWS = YES;
				GENERATE_INFOPLIST_FILE = YES;
				INFOPLIST_KEY_CFBundleDisplayName = "Abide Watch";
				INFOPLIST_KEY_UISupportedInterfaceOrientations = "UIInterfaceOrientationPortrait UIInterfaceOrientationPortraitUpsideDown";
				INFOPLIST_KEY_WKCompanionAppBundleIdentifier = com.abidejourney.app;
				LD_RUNPATH_SEARCH_PATHS = (
					"$(inherited)",
					"@executable_path/Frameworks",
				);
				MARKETING_VERSION = 1.4.2;
				PRODUCT_BUNDLE_IDENTIFIER = com.abidejourney.app.watchkitapp;
				PRODUCT_NAME = "$(TARGET_NAME)";
				SDKROOT = watchos;
				SKIP_INSTALL = YES;
				SUPPORTED_PLATFORMS = "watchos watchsimulator";
				SWIFT_EMIT_LOC_STRINGS = YES;
				SWIFT_VERSION = 5.0;
				TARGETED_DEVICE_FAMILY = 4;
				WATCHOS_DEPLOYMENT_TARGET = 10.0;
			};
			name = Debug;
		};
		A1B2C3D4E5F60701000006 /* Release */ = {
			isa = XCBuildConfiguration;
			buildSettings = {
				ASSETCATALOG_COMPILER_APPICON_NAME = AppIcon;
				CODE_SIGN_STYLE = Automatic;
				CURRENT_PROJECT_VERSION = 10;
				DEVELOPMENT_TEAM = KLSZXFN257;
				ENABLE_PREVIEWS = YES;
				GENERATE_INFOPLIST_FILE = YES;
				INFOPLIST_KEY_CFBundleDisplayName = "Abide Watch";
				INFOPLIST_KEY_UISupportedInterfaceOrientations = "UIInterfaceOrientationPortrait UIInterfaceOrientationPortraitUpsideDown";
				INFOPLIST_KEY_WKCompanionAppBundleIdentifier = com.abidejourney.app;
				LD_RUNPATH_SEARCH_PATHS = (
					"$(inherited)",
					"@executable_path/Frameworks",
				);
				MARKETING_VERSION = 1.4.2;
				PRODUCT_BUNDLE_IDENTIFIER = com.abidejourney.app.watchkitapp;
				PRODUCT_NAME = "$(TARGET_NAME)";
				SDKROOT = watchos;
				SKIP_INSTALL = YES;
				SUPPORTED_PLATFORMS = "watchos watchsimulator";
				SWIFT_EMIT_LOC_STRINGS = YES;
				SWIFT_VERSION = 5.0;
				TARGETED_DEVICE_FAMILY = 4;
				WATCHOS_DEPLOYMENT_TARGET = 10.0;
			};
			name = Release;
		};
		A1B2C3D4E5F60701000007 /* Debug */ = {
			isa = XCBuildConfiguration;
			buildSettings = {
				CODE_SIGN_ENTITLEMENTS = AbideJourneyWidgets/AbideJourneyWidgets.entitlements;
				CODE_SIGN_STYLE = Automatic;
				CURRENT_PROJECT_VERSION = 10;
				DEVELOPMENT_TEAM = KLSZXFN257;
				GENERATE_INFOPLIST_FILE = YES;
				INFOPLIST_KEY_CFBundleDisplayName = AbideJourneyWidgets;
				INFOPLIST_KEY_NSHumanReadableCopyright = "";
				LD_RUNPATH_SEARCH_PATHS = (
					"$(inherited)",
					"@executable_path/Frameworks",
					"@executable_path/../../Frameworks",
				);
				MARKETING_VERSION = 1.4.2;
				PRODUCT_BUNDLE_IDENTIFIER = com.abidejourney.app.widgets;
				PRODUCT_NAME = "$(TARGET_NAME)";
				SKIP_INSTALL = YES;
				SUPPORTED_PLATFORMS = "iphoneos iphonesimulator";
				SWIFT_EMIT_LOC_STRINGS = YES;
				SWIFT_VERSION = 5.0;
				TARGETED_DEVICE_FAMILY = "1,2";
			};
			name = Debug;
		};
		A1B2C3D4E5F60701000008 /* Release */ = {
			isa = XCBuildConfiguration;
			buildSettings = {
				CODE_SIGN_ENTITLEMENTS = AbideJourneyWidgets/AbideJourneyWidgets.entitlements;
				CODE_SIGN_STYLE = Automatic;
				CURRENT_PROJECT_VERSION = 10;
				DEVELOPMENT_TEAM = KLSZXFN257;
				GENERATE_INFOPLIST_FILE = YES;
				INFOPLIST_KEY_CFBundleDisplayName = AbideJourneyWidgets;
				INFOPLIST_KEY_NSHumanReadableCopyright = "";
				LD_RUNPATH_SEARCH_PATHS = (
					"$(inherited)",
					"@executable_path/Frameworks",
					"@executable_path/../../Frameworks",
				);
				MARKETING_VERSION = 1.4.2;
				PRODUCT_BUNDLE_IDENTIFIER = com.abidejourney.app.widgets;
				PRODUCT_NAME = "$(TARGET_NAME)";
				SKIP_INSTALL = YES;
				SUPPORTED_PLATFORMS = "iphoneos iphonesimulator";
				SWIFT_EMIT_LOC_STRINGS = YES;
				SWIFT_VERSION = 5.0;
				TARGETED_DEVICE_FAMILY = "1,2";
			};
			name = Release;
		};
/* End XCBuildConfiguration section */

/* Begin XCConfigurationList section */
		8C58E5EC2F8CB627003ACA3A /* Build configuration list for PBXNativeTarget "AbideJourneyClip" */ = {
			isa = XCConfigurationList;
			buildConfigurations = (
				8C58E5ED2F8CB627003ACA3A /* Debug */,
				8C58E5EE2F8CB627003ACA3A /* Release */,
			);
			defaultConfigurationIsVisible = 0;
			defaultConfigurationName = Release;
		};
		A1B2C3D4E5F60601000001 /* Build configuration list for PBXNativeTarget "AbideJourney" */ = {
			isa = XCConfigurationList;
			buildConfigurations = (
				A1B2C3D4E5F60701000003 /* Debug */,
				A1B2C3D4E5F60701000004 /* Release */,
			);
			defaultConfigurationIsVisible = 0;
			defaultConfigurationName = Release;
		};
		A1B2C3D4E5F60601000002 /* Build configuration list for PBXProject "AbideJourney" */ = {
			isa = XCConfigurationList;
			buildConfigurations = (
				A1B2C3D4E5F60701000001 /* Debug */,
				A1B2C3D4E5F60701000002 /* Release */,
			);
			defaultConfigurationIsVisible = 0;
			defaultConfigurationName = Release;
		};
		A1B2C3D4E5F60601000003 /* Build configuration list for PBXNativeTarget "AbideJourneyWatch" */ = {
			isa = XCConfigurationList;
			buildConfigurations = (
				A1B2C3D4E5F60701000005 /* Debug */,
				A1B2C3D4E5F60701000006 /* Release */,
			);
			defaultConfigurationIsVisible = 0;
			defaultConfigurationName = Release;
		};
		A1B2C3D4E5F60601000004 /* Build configuration list for PBXNativeTarget "AbideJourneyWidgets" */ = {
			isa = XCConfigurationList;
			buildConfigurations = (
				A1B2C3D4E5F60701000007 /* Debug */,
				A1B2C3D4E5F60701000008 /* Release */,
			);
			defaultConfigurationIsVisible = 0;
			defaultConfigurationName = Release;
		};
/* End XCConfigurationList section */

/* Begin XCRemoteSwiftPackageReference section */
		8C58E48A2F87F8C4003ACA3A /* XCRemoteSwiftPackageReference "SwiftSDK" */ = {
			isa = XCRemoteSwiftPackageReference;
			repositoryURL = "https://github.com/TelemetryDeck/SwiftSDK";
			requirement = {
				kind = upToNextMajorVersion;
				minimumVersion = 2.0.0;
			};
		};
/* End XCRemoteSwiftPackageReference section */

/* Begin XCSwiftPackageProductDependency section */
		8C58E48B2F87F8C4003ACA3A /* TelemetryDeck */ = {
			isa = XCSwiftPackageProductDependency;
			package = 8C58E48A2F87F8C4003ACA3A /* XCRemoteSwiftPackageReference "SwiftSDK" */;
			productName = TelemetryDeck;
		};
/* End XCSwiftPackageProductDependency section */
	};
	rootObject = A1B2C3D4E5F60501000001 /* Project object */;
}
