// !$*UTF8*$!
{
	archiveVersion = 1;
	classes = {
	};
	objectVersion = 77;
	objects = {

/* Begin PBXBuildFile section */
		AAD00005 /* FaithForgeShared in Frameworks */ = {isa = PBXBuildFile; productRef = AAD00002 /* FaithForgeShared */; };
		AAD00006 /* FaithForgeShared in Frameworks */ = {isa = PBXBuildFile; productRef = AAD00003 /* FaithForgeShared */; };
		AAD00007 /* FaithForgeShared in Frameworks */ = {isa = PBXBuildFile; productRef = AAD00004 /* FaithForgeShared */; };
/* End PBXBuildFile section */

/* Begin PBXFileReference section */
		AA000001 /* FaithForge.app */ = {isa = PBXFileReference; explicitFileType = wrapper.application; includeInIndex = 0; path = FaithForge.app; sourceTree = BUILT_PRODUCTS_DIR; };
		AA000002 /* FaithForgeWidgets.appex */ = {isa = PBXFileReference; explicitFileType = "wrapper.app-extension"; includeInIndex = 0; path = FaithForgeWidgets.appex; sourceTree = BUILT_PRODUCTS_DIR; };
		AA000003 /* FaithForgeWatch.app */ = {isa = PBXFileReference; explicitFileType = wrapper.application; includeInIndex = 0; path = FaithForgeWatch.app; sourceTree = BUILT_PRODUCTS_DIR; };
		AAD00008 /* FaithForgeShared */ = {isa = PBXFileReference; lastKnownFileType = wrapper; name = FaithForgeShared; path = FaithForgeShared; sourceTree = "<group>"; };
/* End PBXFileReference section */

/* Begin PBXFileSystemSynchronizedRootGroup section */
		AA100001 /* FaithForge */ = {
			isa = PBXFileSystemSynchronizedRootGroup;
			path = FaithForge;
			sourceTree = "<group>";
		};
		AA100002 /* FaithForgeWidgets */ = {
			isa = PBXFileSystemSynchronizedRootGroup;
			path = FaithForgeWidgets;
			sourceTree = "<group>";
		};
		AA100003 /* FaithForgeWatch */ = {
			isa = PBXFileSystemSynchronizedRootGroup;
			path = FaithForgeWatch;
			sourceTree = "<group>";
		};
/* End PBXFileSystemSynchronizedRootGroup section */

/* Begin PBXGroup section */
		AA200001 /* Root */ = {
			isa = PBXGroup;
			children = (
				AA100001 /* FaithForge */,
				AA100002 /* FaithForgeWidgets */,
				AA100003 /* FaithForgeWatch */,
				AAD00008 /* FaithForgeShared */,
				AA200002 /* Products */,
			);
			sourceTree = "<group>";
		};
		AA200002 /* Products */ = {
			isa = PBXGroup;
			children = (
				AA000001 /* FaithForge.app */,
				AA000002 /* FaithForgeWidgets.appex */,
				AA000003 /* FaithForgeWatch.app */,
			);
			name = Products;
			sourceTree = "<group>";
		};
/* End PBXGroup section */

/* Begin PBXNativeTarget section */
		AA300001 /* FaithForge */ = {
			isa = PBXNativeTarget;
			buildConfigurationList = AA500001 /* Build configuration list for PBXNativeTarget "FaithForge" */;
			buildPhases = (
				AA400001 /* Sources */,
				AA400002 /* Frameworks */,
				AA400003 /* Resources */,
				AA400004 /* Embed App Extensions */,
			);
			buildRules = (
			);
			dependencies = (
				AA700001 /* PBXTargetDependency */,
				AA700002 /* PBXTargetDependency */,
			);
			fileSystemSynchronizedGroups = (
				AA100001 /* FaithForge */,
			);
			name = FaithForge;
			packageProductDependencies = (
				AAD00004 /* FaithForgeShared */,
			);
			productName = FaithForge;
			productReference = AA000001 /* FaithForge.app */;
			productType = "com.apple.product-type.application";
		};
		AA300002 /* FaithForgeWidgets */ = {
			isa = PBXNativeTarget;
			buildConfigurationList = AA500002 /* Build configuration list for PBXNativeTarget "FaithForgeWidgets" */;
			buildPhases = (
				AA400005 /* Sources */,
				AA400006 /* Frameworks */,
				AA400007 /* Resources */,
			);
			buildRules = (
			);
			dependencies = (
			);
			fileSystemSynchronizedGroups = (
				AA100002 /* FaithForgeWidgets */,
			);
			name = FaithForgeWidgets;
			packageProductDependencies = (
				AAD00003 /* FaithForgeShared */,
			);
			productName = FaithForgeWidgets;
			productReference = AA000002 /* FaithForgeWidgets.appex */;
			productType = "com.apple.product-type.app-extension";
		};
		AA300003 /* FaithForgeWatch */ = {
			isa = PBXNativeTarget;
			buildConfigurationList = AA500003 /* Build configuration list for PBXNativeTarget "FaithForgeWatch" */;
			buildPhases = (
				AA400008 /* Sources */,
				AA400009 /* Frameworks */,
				AA400010 /* Resources */,
			);
			buildRules = (
			);
			dependencies = (
			);
			fileSystemSynchronizedGroups = (
				AA100003 /* FaithForgeWatch */,
			);
			name = FaithForgeWatch;
			packageProductDependencies = (
				AAD00002 /* FaithForgeShared */,
			);
			productName = FaithForgeWatch;
			productReference = AA000003 /* FaithForgeWatch.app */;
			productType = "com.apple.product-type.application";
		};
/* End PBXNativeTarget section */

/* Begin PBXProject section */
		AA600001 /* Project object */ = {
			isa = PBXProject;
			attributes = {
				BuildIndependentTargetsInParallel = 1;
				LastSwiftUpdateCheck = 1620;
				LastUpgradeCheck = 1620;
				TargetAttributes = {
					AA300001 = {
						CreatedOnToolsVersion = 16.2;
					};
					AA300002 = {
						CreatedOnToolsVersion = 16.2;
					};
					AA300003 = {
						CreatedOnToolsVersion = 16.2;
					};
				};
			};
			buildConfigurationList = AA500004 /* Build configuration list for PBXProject "FaithForge" */;
			developmentRegion = en;
			hasScannedForEncodings = 0;
			knownRegions = (
				en,
				Base,
			);
			mainGroup = AA200001 /* Root */;
			minimizedProjectReferenceProxies = 1;
			packageReferences = (
				AAD00001 /* XCLocalSwiftPackageReference "FaithForgeShared" */,
			);
			preferredProjectObjectVersion = 77;
			productRefGroup = AA200002 /* Products */;
			projectDirPath = "";
			projectRoot = "";
			targets = (
				AA300001 /* FaithForge */,
				AA300002 /* FaithForgeWidgets */,
				AA300003 /* FaithForgeWatch */,
			);
		};
/* End PBXProject section */

/* Begin PBXSourcesBuildPhase section */
		AA400001 /* Sources */ = {
			isa = PBXSourcesBuildPhase;
			buildActionMask = 2147483647;
			files = (
			);
			runOnlyForDeploymentPostprocessing = 0;
		};
		AA400005 /* Sources */ = {
			isa = PBXSourcesBuildPhase;
			buildActionMask = 2147483647;
			files = (
			);
			runOnlyForDeploymentPostprocessing = 0;
		};
		AA400008 /* Sources */ = {
			isa = PBXSourcesBuildPhase;
			buildActionMask = 2147483647;
			files = (
			);
			runOnlyForDeploymentPostprocessing = 0;
		};
/* End PBXSourcesBuildPhase section */

/* Begin PBXFrameworksBuildPhase section */
		AA400002 /* Frameworks */ = {
			isa = PBXFrameworksBuildPhase;
			buildActionMask = 2147483647;
			files = (
				AAD00007 /* FaithForgeShared in Frameworks */,
			);
			runOnlyForDeploymentPostprocessing = 0;
		};
		AA400006 /* Frameworks */ = {
			isa = PBXFrameworksBuildPhase;
			buildActionMask = 2147483647;
			files = (
				AAD00006 /* FaithForgeShared in Frameworks */,
			);
			runOnlyForDeploymentPostprocessing = 0;
		};
		AA400009 /* Frameworks */ = {
			isa = PBXFrameworksBuildPhase;
			buildActionMask = 2147483647;
			files = (
				AAD00005 /* FaithForgeShared in Frameworks */,
			);
			runOnlyForDeploymentPostprocessing = 0;
		};
/* End PBXFrameworksBuildPhase section */

/* Begin PBXResourcesBuildPhase section */
		AA400003 /* Resources */ = {
			isa = PBXResourcesBuildPhase;
			buildActionMask = 2147483647;
			files = (
			);
			runOnlyForDeploymentPostprocessing = 0;
		};
		AA400007 /* Resources */ = {
			isa = PBXResourcesBuildPhase;
			buildActionMask = 2147483647;
			files = (
			);
			runOnlyForDeploymentPostprocessing = 0;
		};
		AA400010 /* Resources */ = {
			isa = PBXResourcesBuildPhase;
			buildActionMask = 2147483647;
			files = (
			);
			runOnlyForDeploymentPostprocessing = 0;
		};
/* End PBXResourcesBuildPhase section */

/* Begin PBXCopyFilesBuildPhase section */
		AA400004 /* Embed App Extensions */ = {
			isa = PBXCopyFilesBuildPhase;
			buildActionMask = 2147483647;
			dstPath = "";
			dstSubfolderSpec = 13;
			files = (
			);
			name = "Embed App Extensions";
			runOnlyForDeploymentPostprocessing = 0;
		};
/* End PBXCopyFilesBuildPhase section */

/* Begin PBXTargetDependency section */
		AA700001 /* PBXTargetDependency */ = {
			isa = PBXTargetDependency;
			target = AA300002 /* FaithForgeWidgets */;
			targetProxy = AA800001 /* PBXContainerItemProxy */;
		};
		AA700002 /* PBXTargetDependency */ = {
			isa = PBXTargetDependency;
			target = AA300003 /* FaithForgeWatch */;
			targetProxy = AA800002 /* PBXContainerItemProxy */;
		};
/* End PBXTargetDependency section */

/* Begin PBXContainerItemProxy section */
		AA800001 /* PBXContainerItemProxy */ = {
			isa = PBXContainerItemProxy;
			containerPortal = AA600001 /* Project object */;
			proxyType = 1;
			remoteGlobalIDString = AA300002;
			remoteInfo = FaithForgeWidgets;
		};
		AA800002 /* PBXContainerItemProxy */ = {
			isa = PBXContainerItemProxy;
			containerPortal = AA600001 /* Project object */;
			proxyType = 1;
			remoteGlobalIDString = AA300003;
			remoteInfo = FaithForgeWatch;
		};
/* End PBXContainerItemProxy section */

/* Begin XCBuildConfiguration section */
		AAC00001 /* Debug */ = {
			isa = XCBuildConfiguration;
			buildSettings = {
				ALWAYS_SEARCH_USER_PATHS = NO;
				ASSETCATALOG_COMPILER_GENERATE_SWIFT_ASSET_SYMBOL_EXTENSIONS = YES;
				CLANG_ANALYZER_NONNULL = YES;
				CLANG_CXX_LANGUAGE_STANDARD = "gnu++20";
				CLANG_ENABLE_MODULES = YES;
				CLANG_ENABLE_OBJC_ARC = YES;
				COPY_PHASE_STRIP = NO;
				DEBUG_INFORMATION_FORMAT = dwarf;
				ENABLE_STRICT_OBJC_MSGSEND = YES;
				ENABLE_TESTABILITY = YES;
				GCC_DYNAMIC_NO_PIC = NO;
				GCC_OPTIMIZATION_LEVEL = 0;
				GCC_PREPROCESSOR_DEFINITIONS = (
					"DEBUG=1",
					"$(inherited)",
				);
				GCC_WARN_64_TO_32_BIT_CONVERSION = YES;
				GCC_WARN_ABOUT_RETURN_TYPE = YES_ERROR;
				GCC_WARN_UNINITIALIZED_AUTOS = YES_AGGRESSIVE;
				GCC_WARN_UNUSED_FUNCTION = YES;
				GCC_WARN_UNUSED_VARIABLE = YES;
				IPHONEOS_DEPLOYMENT_TARGET = 18.0;
				MTL_ENABLE_DEBUG_INFO = INCLUDE_SOURCE;
				MTL_FAST_MATH = YES;
				ONLY_ACTIVE_ARCH = YES;
				SWIFT_ACTIVE_COMPILATION_CONDITIONS = "$(inherited) DEBUG";
				SWIFT_OPTIMIZATION_LEVEL = "-Onone";
				SWIFT_VERSION = 6.0;
			};
			name = Debug;
		};
		AAC00002 /* Release */ = {
			isa = XCBuildConfiguration;
			buildSettings = {
				ALWAYS_SEARCH_USER_PATHS = NO;
				ASSETCATALOG_COMPILER_GENERATE_SWIFT_ASSET_SYMBOL_EXTENSIONS = YES;
				CLANG_ANALYZER_NONNULL = YES;
				CLANG_CXX_LANGUAGE_STANDARD = "gnu++20";
				CLANG_ENABLE_MODULES = YES;
				CLANG_ENABLE_OBJC_ARC = YES;
				COPY_PHASE_STRIP = NO;
				DEBUG_INFORMATION_FORMAT = "dwarf-with-dsym";
				ENABLE_NS_ASSERTIONS = NO;
				ENABLE_STRICT_OBJC_MSGSEND = YES;
				GCC_WARN_64_TO_32_BIT_CONVERSION = YES;
				GCC_WARN_ABOUT_RETURN_TYPE = YES_ERROR;
				GCC_WARN_UNINITIALIZED_AUTOS = YES_AGGRESSIVE;
				GCC_WARN_UNUSED_FUNCTION = YES;
				GCC_WARN_UNUSED_VARIABLE = YES;
				IPHONEOS_DEPLOYMENT_TARGET = 18.0;
				MTL_ENABLE_DEBUG_INFO = NO;
				MTL_FAST_MATH = YES;
				SWIFT_COMPILATION_MODE = wholemodule;
				SWIFT_VERSION = 6.0;
			};
			name = Release;
		};
		AAC00003 /* Debug - FaithForge */ = {
			isa = XCBuildConfiguration;
			buildSettings = {
				ASSETCATALOG_COMPILER_APPICON_NAME = AppIcon;
				ASSETCATALOG_COMPILER_GLOBAL_ACCENT_COLOR_NAME = AccentColor;
				CODE_SIGN_ENTITLEMENTS = FaithForge/FaithForge.entitlements;
				CODE_SIGN_STYLE = Automatic;
				CURRENT_PROJECT_VERSION = 1;
				DEVELOPMENT_TEAM = "";
				GENERATE_INFOPLIST_FILE = YES;
				INFOPLIST_KEY_CFBundleDisplayName = FaithForge;
				INFOPLIST_KEY_LSApplicationCategoryType = "public.app-category.lifestyle";
				INFOPLIST_KEY_NSHealthShareUsageDescription = "FaithForge reads your sleep and mindfulness data to track \"Rest in God\" quests and help you build healthy spiritual rhythms.";
				INFOPLIST_KEY_NSHealthUpdateUsageDescription = "FaithForge may log mindful sessions when you complete prayer or meditation quests.";
				INFOPLIST_KEY_UIApplicationSceneManifest_Generation = YES;
				INFOPLIST_KEY_UIApplicationSupportsIndirectInputEvents = YES;
				INFOPLIST_KEY_UILaunchScreen_Generation = YES;
				INFOPLIST_KEY_UISupportedInterfaceOrientations_iPad = "UIInterfaceOrientationPortrait UIInterfaceOrientationPortraitUpsideDown UIInterfaceOrientationLandscapeLeft UIInterfaceOrientationLandscapeRight";
				INFOPLIST_KEY_UISupportedInterfaceOrientations_iPhone = "UIInterfaceOrientationPortrait UIInterfaceOrientationLandscapeLeft UIInterfaceOrientationLandscapeRight";
				LD_RUNPATH_SEARCH_PATHS = (
					"$(inherited)",
					"@executable_path/Frameworks",
				);
				MARKETING_VERSION = 1.0;
				PRODUCT_BUNDLE_IDENTIFIER = com.faithforge.app;
				PRODUCT_NAME = "$(TARGET_NAME)";
				SDKROOT = iphoneos;
				SUPPORTED_PLATFORMS = "iphoneos iphonesimulator";
				SUPPORTS_MACCATALYST = NO;
				SWIFT_EMIT_LOC_STRINGS = YES;
				SWIFT_STRICT_CONCURRENCY = complete;
				TARGETED_DEVICE_FAMILY = "1,2";
			};
			name = Debug;
		};
		AAC00004 /* Release - FaithForge */ = {
			isa = XCBuildConfiguration;
			buildSettings = {
				ASSETCATALOG_COMPILER_APPICON_NAME = AppIcon;
				ASSETCATALOG_COMPILER_GLOBAL_ACCENT_COLOR_NAME = AccentColor;
				CODE_SIGN_ENTITLEMENTS = FaithForge/FaithForge.entitlements;
				CODE_SIGN_STYLE = Automatic;
				CURRENT_PROJECT_VERSION = 1;
				DEVELOPMENT_TEAM = "";
				GENERATE_INFOPLIST_FILE = YES;
				INFOPLIST_KEY_CFBundleDisplayName = FaithForge;
				INFOPLIST_KEY_LSApplicationCategoryType = "public.app-category.lifestyle";
				INFOPLIST_KEY_NSHealthShareUsageDescription = "FaithForge reads your sleep and mindfulness data to track \"Rest in God\" quests and help you build healthy spiritual rhythms.";
				INFOPLIST_KEY_NSHealthUpdateUsageDescription = "FaithForge may log mindful sessions when you complete prayer or meditation quests.";
				INFOPLIST_KEY_UIApplicationSceneManifest_Generation = YES;
				INFOPLIST_KEY_UIApplicationSupportsIndirectInputEvents = YES;
				INFOPLIST_KEY_UILaunchScreen_Generation = YES;
				INFOPLIST_KEY_UISupportedInterfaceOrientations_iPad = "UIInterfaceOrientationPortrait UIInterfaceOrientationPortraitUpsideDown UIInterfaceOrientationLandscapeLeft UIInterfaceOrientationLandscapeRight";
				INFOPLIST_KEY_UISupportedInterfaceOrientations_iPhone = "UIInterfaceOrientationPortrait UIInterfaceOrientationLandscapeLeft UIInterfaceOrientationLandscapeRight";
				LD_RUNPATH_SEARCH_PATHS = (
					"$(inherited)",
					"@executable_path/Frameworks",
				);
				MARKETING_VERSION = 1.0;
				PRODUCT_BUNDLE_IDENTIFIER = com.faithforge.app;
				PRODUCT_NAME = "$(TARGET_NAME)";
				SDKROOT = iphoneos;
				SUPPORTED_PLATFORMS = "iphoneos iphonesimulator";
				SUPPORTS_MACCATALYST = NO;
				SWIFT_EMIT_LOC_STRINGS = YES;
				SWIFT_STRICT_CONCURRENCY = complete;
				TARGETED_DEVICE_FAMILY = "1,2";
			};
			name = Release;
		};
		AAC00005 /* Debug - FaithForgeWidgets */ = {
			isa = XCBuildConfiguration;
			buildSettings = {
				ASSETCATALOG_COMPILER_GLOBAL_ACCENT_COLOR_NAME = AccentColor;
				CODE_SIGN_ENTITLEMENTS = FaithForgeWidgets/FaithForgeWidgets.entitlements;
				CODE_SIGN_STYLE = Automatic;
				CURRENT_PROJECT_VERSION = 1;
				DEVELOPMENT_TEAM = "";
				GENERATE_INFOPLIST_FILE = YES;
				INFOPLIST_KEY_CFBundleDisplayName = FaithForgeWidgets;
				INFOPLIST_KEY_NSHumanReadableCopyright = "";
				LD_RUNPATH_SEARCH_PATHS = (
					"$(inherited)",
					"@executable_path/Frameworks",
					"@executable_path/../../Frameworks",
				);
				MARKETING_VERSION = 1.0;
				PRODUCT_BUNDLE_IDENTIFIER = com.faithforge.app.widgets;
				PRODUCT_NAME = "$(TARGET_NAME)";
				SDKROOT = iphoneos;
				SKIP_INSTALL = YES;
				SUPPORTED_PLATFORMS = "iphoneos iphonesimulator";
				SWIFT_EMIT_LOC_STRINGS = YES;
				SWIFT_STRICT_CONCURRENCY = complete;
				TARGETED_DEVICE_FAMILY = "1,2";
			};
			name = Debug;
		};
		AAC00006 /* Release - FaithForgeWidgets */ = {
			isa = XCBuildConfiguration;
			buildSettings = {
				ASSETCATALOG_COMPILER_GLOBAL_ACCENT_COLOR_NAME = AccentColor;
				CODE_SIGN_ENTITLEMENTS = FaithForgeWidgets/FaithForgeWidgets.entitlements;
				CODE_SIGN_STYLE = Automatic;
				CURRENT_PROJECT_VERSION = 1;
				DEVELOPMENT_TEAM = "";
				GENERATE_INFOPLIST_FILE = YES;
				INFOPLIST_KEY_CFBundleDisplayName = FaithForgeWidgets;
				INFOPLIST_KEY_NSHumanReadableCopyright = "";
				LD_RUNPATH_SEARCH_PATHS = (
					"$(inherited)",
					"@executable_path/Frameworks",
					"@executable_path/../../Frameworks",
				);
				MARKETING_VERSION = 1.0;
				PRODUCT_BUNDLE_IDENTIFIER = com.faithforge.app.widgets;
				PRODUCT_NAME = "$(TARGET_NAME)";
				SDKROOT = iphoneos;
				SKIP_INSTALL = YES;
				SUPPORTED_PLATFORMS = "iphoneos iphonesimulator";
				SWIFT_EMIT_LOC_STRINGS = YES;
				SWIFT_STRICT_CONCURRENCY = complete;
				TARGETED_DEVICE_FAMILY = "1,2";
			};
			name = Release;
		};
		AAC00007 /* Debug - FaithForgeWatch */ = {
			isa = XCBuildConfiguration;
			buildSettings = {
				ASSETCATALOG_COMPILER_APPICON_NAME = AppIcon;
				ASSETCATALOG_COMPILER_GLOBAL_ACCENT_COLOR_NAME = AccentColor;
				CODE_SIGN_STYLE = Automatic;
				CURRENT_PROJECT_VERSION = 1;
				DEVELOPMENT_TEAM = "";
				GENERATE_INFOPLIST_FILE = YES;
				INFOPLIST_KEY_CFBundleDisplayName = FaithForge;
				INFOPLIST_KEY_UISupportedInterfaceOrientations = "UIInterfaceOrientationPortrait UIInterfaceOrientationPortraitUpsideDown";
				INFOPLIST_KEY_WKCompanionAppBundleIdentifier = com.faithforge.app;
				LD_RUNPATH_SEARCH_PATHS = (
					"$(inherited)",
					"@executable_path/Frameworks",
				);
				MARKETING_VERSION = 1.0;
				PRODUCT_BUNDLE_IDENTIFIER = com.faithforge.app.watchkitapp;
				PRODUCT_NAME = "$(TARGET_NAME)";
				SDKROOT = watchos;
				SKIP_INSTALL = YES;
				SUPPORTED_PLATFORMS = "watchos watchsimulator";
				SWIFT_EMIT_LOC_STRINGS = YES;
				SWIFT_STRICT_CONCURRENCY = complete;
				TARGETED_DEVICE_FAMILY = 4;
				WATCHOS_DEPLOYMENT_TARGET = 11.0;
			};
			name = Debug;
		};
		AAC00008 /* Release - FaithForgeWatch */ = {
			isa = XCBuildConfiguration;
			buildSettings = {
				ASSETCATALOG_COMPILER_APPICON_NAME = AppIcon;
				ASSETCATALOG_COMPILER_GLOBAL_ACCENT_COLOR_NAME = AccentColor;
				CODE_SIGN_STYLE = Automatic;
				CURRENT_PROJECT_VERSION = 1;
				DEVELOPMENT_TEAM = "";
				GENERATE_INFOPLIST_FILE = YES;
				INFOPLIST_KEY_CFBundleDisplayName = FaithForge;
				INFOPLIST_KEY_UISupportedInterfaceOrientations = "UIInterfaceOrientationPortrait UIInterfaceOrientationPortraitUpsideDown";
				INFOPLIST_KEY_WKCompanionAppBundleIdentifier = com.faithforge.app;
				LD_RUNPATH_SEARCH_PATHS = (
					"$(inherited)",
					"@executable_path/Frameworks",
				);
				MARKETING_VERSION = 1.0;
				PRODUCT_BUNDLE_IDENTIFIER = com.faithforge.app.watchkitapp;
				PRODUCT_NAME = "$(TARGET_NAME)";
				SDKROOT = watchos;
				SKIP_INSTALL = YES;
				SUPPORTED_PLATFORMS = "watchos watchsimulator";
				SWIFT_EMIT_LOC_STRINGS = YES;
				SWIFT_STRICT_CONCURRENCY = complete;
				TARGETED_DEVICE_FAMILY = 4;
				WATCHOS_DEPLOYMENT_TARGET = 11.0;
			};
			name = Release;
		};
/* End XCBuildConfiguration section */

/* Begin XCConfigurationList section */
		AA500001 /* Build configuration list for PBXNativeTarget "FaithForge" */ = {
			isa = XCConfigurationList;
			buildConfigurations = (
				AAC00003 /* Debug - FaithForge */,
				AAC00004 /* Release - FaithForge */,
			);
			defaultConfigurationIsVisible = 0;
			defaultConfigurationName = Release;
		};
		AA500002 /* Build configuration list for PBXNativeTarget "FaithForgeWidgets" */ = {
			isa = XCConfigurationList;
			buildConfigurations = (
				AAC00005 /* Debug - FaithForgeWidgets */,
				AAC00006 /* Release - FaithForgeWidgets */,
			);
			defaultConfigurationIsVisible = 0;
			defaultConfigurationName = Release;
		};
		AA500003 /* Build configuration list for PBXNativeTarget "FaithForgeWatch" */ = {
			isa = XCConfigurationList;
			buildConfigurations = (
				AAC00007 /* Debug - FaithForgeWatch */,
				AAC00008 /* Release - FaithForgeWatch */,
			);
			defaultConfigurationIsVisible = 0;
			defaultConfigurationName = Release;
		};
		AA500004 /* Build configuration list for PBXProject "FaithForge" */ = {
			isa = XCConfigurationList;
			buildConfigurations = (
				AAC00001 /* Debug */,
				AAC00002 /* Release */,
			);
			defaultConfigurationIsVisible = 0;
			defaultConfigurationName = Release;
		};
/* End XCConfigurationList section */

/* Begin XCLocalSwiftPackageReference section */
		AAD00001 /* XCLocalSwiftPackageReference "FaithForgeShared" */ = {
			isa = XCLocalSwiftPackageReference;
			relativePath = FaithForgeShared;
		};
/* End XCLocalSwiftPackageReference section */

/* Begin XCSwiftPackageProductDependency section */
		AAD00002 /* FaithForgeShared */ = {
			isa = XCSwiftPackageProductDependency;
			productName = FaithForgeShared;
		};
		AAD00003 /* FaithForgeShared */ = {
			isa = XCSwiftPackageProductDependency;
			productName = FaithForgeShared;
		};
		AAD00004 /* FaithForgeShared */ = {
			isa = XCSwiftPackageProductDependency;
			productName = FaithForgeShared;
		};
/* End XCSwiftPackageProductDependency section */
	};
	rootObject = AA600001 /* Project object */;
}
